
Microsoft Visual Studio Solution File, Format Version 12.00
# Visual Studio Version 17
VisualStudioVersion = 17.13.35913.81 d17.13
MinimumVisualStudioVersion = 10.0.40219.1
Project("{8BC9CEB8-8B4A-11D0-8D11-00A0C91BC942}") = "001", "001\001.vcxproj", "{975F584D-EAA1-45E5-B936-653190356602}"
EndProject
Project("{8BC9CEB8-8B4A-11D0-8D11-00A0C91BC942}") = "014", "014\014.vcxproj", "{DEB2CFD9-5CB1-4B47-A2D9-AF123DFAFE68}"
EndProject
Project("{8BC9CEB8-8B4A-11D0-8D11-00A0C91BC942}") = "027", "027\027.vcxproj", "{75BCDF4D-FE13-49E5-A3CB-56EE3747A4BB}"
EndProject
Project("{8BC9CEB8-8B4A-11D0-8D11-00A0C91BC942}") = "040", "040\040.vcxproj", "{E8177365-475D-4071-82E9-9672B8B6F6F6}"
EndProject
Project("{8BC9CEB8-8B4A-11D0-8D11-00A0C91BC942}") = "053", "053\053.vcxproj", "{176B0C20-CB4C-4FA0-9764-4CE0ED0BC3C9}"
EndProject
Project("{8BC9CEB8-8B4A-11D0-8D11-00A0C91BC942}") = "066", "066\066.vcxproj", "{3C4FBA65-A0A3-4481-886D-02A0CD21F81D}"
EndProject
Project("{8BC9CEB8-8B4A-11D0-8D11-00A0C91BC942}") = "079", "079\079.vcxproj", "{FDAF25BF-B1EA-4A77-9D07-ED1427B59D0A}"
EndProject
Project("{8BC9CEB8-8B4A-11D0-8D11-00A0C91BC942}") = "092", "092\092.vcxproj", "{F9299FA8-BE93-4D85-8867-1F71A0B23222}"
EndProject
Project("{8BC9CEB8-8B4A-11D0-8D11-00A0C91BC942}") = "105", "105\105.vcxproj", "{CA5D0FE9-B5C7-45C4-8A51-78CF7688C6A9}"
EndProject
Project("{8BC9CEB8-8B4A-11D0-8D11-00A0C91BC942}") = "118", "118\118.vcxproj", "{56F8914C-3A58-4707-8240-1805828F6A78}"
EndProject
Project("{8BC9CEB8-8B4A-11D0-8D11-00A0C91BC942}") = "131", "131\131.vcxproj", "{2C66DAE4-75DD-4951-A3B4-0118BB8249B5}"
EndProject
Project("{8BC9CEB8-8B4A-11D0-8D11-00A0C91BC942}") = "144", "144\144.vcxproj", "{E8D30F90-AD52-4754-99B6-01DDFE4E62AB}"
EndProject
Global
	GlobalSection(SolutionConfigurationPlatforms) = preSolution
		Debug|x64 = Debug|x64
		Debug|x86 = Debug|x86
		Release|x64 = Release|x64
		Release|x86 = Release|x86
	EndGlobalSection
	GlobalSection(ProjectConfigurationPlatforms) = postSolution
		{975F584D-EAA1-45E5-B936-653190356602}.Debug|x64.ActiveCfg = Debug|x64
		{975F584D-EAA1-45E5-B936-653190356602}.Debug|x64.Build.0 = Debug|x64
		{975F584D-EAA1-45E5-B936-653190356602}.Debug|x86.ActiveCfg = Debug|Win32
		{975F584D-EAA1-45E5-B936-653190356602}.Debug|x86.Build.0 = Debug|Win32
		{975F584D-EAA1-45E5-B936-653190356602}.Release|x64.ActiveCfg = Release|x64
		{975F584D-EAA1-45E5-B936-653190356602}.Release|x64.Build.0 = Release|x64
		{975F584D-EAA1-45E5-B936-653190356602}.Release|x86.ActiveCfg = Release|Win32
		{975F584D-EAA1-45E5-B936-653190356602}.Release|x86.Build.0 = Release|Win32
		{DEB2CFD9-5CB1-4B47-A2D9-AF123DFAFE68}.Debug|x64.ActiveCfg = Debug|x64
		{DEB2CFD9-5CB1-4B47-A2D9-AF123DFAFE68}.Debug|x64.Build.0 = Debug|x64
		{DEB2CFD9-5CB1-4B47-A2D9-AF123DFAFE68}.Debug|x86.ActiveCfg = Debug|Win32
		{DEB2CFD9-5CB1-4B47-A2D9-AF123DFAFE68}.Debug|x86.Build.0 = Debug|Win32
		{DEB2CFD9-5CB1-4B47-A2D9-AF123DFAFE68}.Release|x64.ActiveCfg = Release|x64
		{DEB2CFD9-5CB1-4B47-A2D9-AF123DFAFE68}.Release|x64.Build.0 = Release|x64
		{DEB2CFD9-5CB1-4B47-A2D9-AF123DFAFE68}.Release|x86.ActiveCfg = Release|Win32
		{DEB2CFD9-5CB1-4B47-A2D9-AF123DFAFE68}.Release|x86.Build.0 = Release|Win32
		{75BCDF4D-FE13-49E5-A3CB-56EE3747A4BB}.Debug|x64.ActiveCfg = Debug|x64
		{75BCDF4D-FE13-49E5-A3CB-56EE3747A4BB}.Debug|x64.Build.0 = Debug|x64
		{75BCDF4D-FE13-49E5-A3CB-56EE3747A4BB}.Debug|x86.ActiveCfg = Debug|Win32
		{75BCDF4D-FE13-49E5-A3CB-56EE3747A4BB}.Debug|x86.Build.0 = Debug|Win32
		{75BCDF4D-FE13-49E5-A3CB-56EE3747A4BB}.Release|x64.ActiveCfg = Release|x64
		{75BCDF4D-FE13-49E5-A3CB-56EE3747A4BB}.Release|x64.Build.0 = Release|x64
		{75BCDF4D-FE13-49E5-A3CB-56EE3747A4BB}.Release|x86.ActiveCfg = Release|Win32
		{75BCDF4D-FE13-49E5-A3CB-56EE3747A4BB}.Release|x86.Build.0 = Release|Win32
		{E8177365-475D-4071-82E9-9672B8B6F6F6}.Debug|x64.ActiveCfg = Debug|x64
		{E8177365-475D-4071-82E9-9672B8B6F6F6}.Debug|x64.Build.0 = Debug|x64
		{E8177365-475D-4071-82E9-9672B8B6F6F6}.Debug|x86.ActiveCfg = Debug|Win32
		{E8177365-475D-4071-82E9-9672B8B6F6F6}.Debug|x86.Build.0 = Debug|Win32
		{E8177365-475D-4071-82E9-9672B8B6F6F6}.Release|x64.ActiveCfg = Release|x64
		{E8177365-475D-4071-82E9-9672B8B6F6F6}.Release|x64.Build.0 = Release|x64
		{E8177365-475D-4071-82E9-9672B8B6F6F6}.Release|x86.ActiveCfg = Release|Win32
		{E8177365-475D-4071-82E9-9672B8B6F6F6}.Release|x86.Build.0 = Release|Win32
		{176B0C20-CB4C-4FA0-9764-4CE0ED0BC3C9}.Debug|x64.ActiveCfg = Debug|x64
		{176B0C20-CB4C-4FA0-9764-4CE0ED0BC3C9}.Debug|x64.Build.0 = Debug|x64
		{176B0C20-CB4C-4FA0-9764-4CE0ED0BC3C9}.Debug|x86.ActiveCfg = Debug|Win32
		{176B0C20-CB4C-4FA0-9764-4CE0ED0BC3C9}.Debug|x86.Build.0 = Debug|Win32
		{176B0C20-CB4C-4FA0-9764-4CE0ED0BC3C9}.Release|x64.ActiveCfg = Release|x64
		{176B0C20-CB4C-4FA0-9764-4CE0ED0BC3C9}.Release|x64.Build.0 = Release|x64
		{176B0C20-CB4C-4FA0-9764-4CE0ED0BC3C9}.Release|x86.ActiveCfg = Release|Win32
		{176B0C20-CB4C-4FA0-9764-4CE0ED0BC3C9}.Release|x86.Build.0 = Release|Win32
		{3C4FBA65-A0A3-4481-886D-02A0CD21F81D}.Debug|x64.ActiveCfg = Debug|x64
		{3C4FBA65-A0A3-4481-886D-02A0CD21F81D}.Debug|x64.Build.0 = Debug|x64
		{3C4FBA65-A0A3-4481-886D-02A0CD21F81D}.Debug|x86.ActiveCfg = Debug|Win32
		{3C4FBA65-A0A3-4481-886D-02A0CD21F81D}.Debug|x86.Build.0 = Debug|Win32
		{3C4FBA65-A0A3-4481-886D-02A0CD21F81D}.Release|x64.ActiveCfg = Release|x64
		{3C4FBA65-A0A3-4481-886D-02A0CD21F81D}.Release|x64.Build.0 = Release|x64
		{3C4FBA65-A0A3-4481-886D-02A0CD21F81D}.Release|x86.ActiveCfg = Release|Win32
		{3C4FBA65-A0A3-4481-886D-02A0CD21F81D}.Release|x86.Build.0 = Release|Win32
		{FDAF25BF-B1EA-4A77-9D07-ED1427B59D0A}.Debug|x64.ActiveCfg = Debug|x64
		{FDAF25BF-B1EA-4A77-9D07-ED1427B59D0A}.Debug|x64.Build.0 = Debug|x64
		{FDAF25BF-B1EA-4A77-9D07-ED1427B59D0A}.Debug|x86.ActiveCfg = Debug|Win32
		{FDAF25BF-B1EA-4A77-9D07-ED1427B59D0A}.Debug|x86.Build.0 = Debug|Win32
		{FDAF25BF-B1EA-4A77-9D07-ED1427B59D0A}.Release|x64.ActiveCfg = Release|x64
		{FDAF25BF-B1EA-4A77-9D07-ED1427B59D0A}.Release|x64.Build.0 = Release|x64
		{FDAF25BF-B1EA-4A77-9D07-ED1427B59D0A}.Release|x86.ActiveCfg = Release|Win32
		{FDAF25BF-B1EA-4A77-9D07-ED1427B59D0A}.Release|x86.Build.0 = Release|Win32
		{F9299FA8-BE93-4D85-8867-1F71A0B23222}.Debug|x64.ActiveCfg = Debug|x64
		{F9299FA8-BE93-4D85-8867-1F71A0B23222}.Debug|x64.Build.0 = Debug|x64
		{F9299FA8-BE93-4D85-8867-1F71A0B23222}.Debug|x86.ActiveCfg = Debug|Win32
		{F9299FA8-BE93-4D85-8867-1F71A0B23222}.Debug|x86.Build.0 = Debug|Win32
		{F9299FA8-BE93-4D85-8867-1F71A0B23222}.Release|x64.ActiveCfg = Release|x64
		{F9299FA8-BE93-4D85-8867-1F71A0B23222}.Release|x64.Build.0 = Release|x64
		{F9299FA8-BE93-4D85-8867-1F71A0B23222}.Release|x86.ActiveCfg = Release|Win32
		{F9299FA8-BE93-4D85-8867-1F71A0B23222}.Release|x86.Build.0 = Release|Win32
		{CA5D0FE9-B5C7-45C4-8A51-78CF7688C6A9}.Debug|x64.ActiveCfg = Debug|x64
		{CA5D0FE9-B5C7-45C4-8A51-78CF7688C6A9}.Debug|x64.Build.0 = Debug|x64
		{CA5D0FE9-B5C7-45C4-8A51-78CF7688C6A9}.Debug|x86.ActiveCfg = Debug|Win32
		{CA5D0FE9-B5C7-45C4-8A51-78CF7688C6A9}.Debug|x86.Build.0 = Debug|Win32
		{CA5D0FE9-B5C7-45C4-8A51-78CF7688C6A9}.Release|x64.ActiveCfg = Release|x64
		{CA5D0FE9-B5C7-45C4-8A51-78CF7688C6A9}.Release|x64.Build.0 = Release|x64
		{CA5D0FE9-B5C7-45C4-8A51-78CF7688C6A9}.Release|x86.ActiveCfg = Release|Win32
		{CA5D0FE9-B5C7-45C4-8A51-78CF7688C6A9}.Release|x86.Build.0 = Release|Win32
		{56F8914C-3A58-4707-8240-1805828F6A78}.Debug|x64.ActiveCfg = Debug|x64
		{56F8914C-3A58-4707-8240-1805828F6A78}.Debug|x64.Build.0 = Debug|x64
		{56F8914C-3A58-4707-8240-1805828F6A78}.Debug|x86.ActiveCfg = Debug|Win32
		{56F8914C-3A58-4707-8240-1805828F6A78}.Debug|x86.Build.0 = Debug|Win32
		{56F8914C-3A58-4707-8240-1805828F6A78}.Release|x64.ActiveCfg = Release|x64
		{56F8914C-3A58-4707-8240-1805828F6A78}.Release|x64.Build.0 = Release|x64
		{56F8914C-3A58-4707-8240-1805828F6A78}.Release|x86.ActiveCfg = Release|Win32
		{56F8914C-3A58-4707-8240-1805828F6A78}.Release|x86.Build.0 = Release|Win32
		{2C66DAE4-75DD-4951-A3B4-0118BB8249B5}.Debug|x64.ActiveCfg = Debug|x64
		{2C66DAE4-75DD-4951-A3B4-0118BB8249B5}.Debug|x64.Build.0 = Debug|x64
		{2C66DAE4-75DD-4951-A3B4-0118BB8249B5}.Debug|x86.ActiveCfg = Debug|Win32
		{2C66DAE4-75DD-4951-A3B4-0118BB8249B5}.Debug|x86.Build.0 = Debug|Win32
		{2C66DAE4-75DD-4951-A3B4-0118BB8249B5}.Release|x64.ActiveCfg = Release|x64
		{2C66DAE4-75DD-4951-A3B4-0118BB8249B5}.Release|x64.Build.0 = Release|x64
		{2C66DAE4-75DD-4951-A3B4-0118BB8249B5}.Release|x86.ActiveCfg = Release|Win32
		{2C66DAE4-75DD-4951-A3B4-0118BB8249B5}.Release|x86.Build.0 = Release|Win32
		{E8D30F90-AD52-4754-99B6-01DDFE4E62AB}.Debug|x64.ActiveCfg = Debug|x64
		{E8D30F90-AD52-4754-99B6-01DDFE4E62AB}.Debug|x64.Build.0 = Debug|x64
		{E8D30F90-AD52-4754-99B6-01DDFE4E62AB}.Debug|x86.ActiveCfg = Debug|Win32
		{E8D30F90-AD52-4754-99B6-01DDFE4E62AB}.Debug|x86.Build.0 = Debug|Win32
		{E8D30F90-AD52-4754-99B6-01DDFE4E62AB}.Release|x64.ActiveCfg = Release|x64
		{E8D30F90-AD52-4754-99B6-01DDFE4E62AB}.Release|x64.Build.0 = Release|x64
		{E8D30F90-AD52-4754-99B6-01DDFE4E62AB}.Release|x86.ActiveCfg = Release|Win32
		{E8D30F90-AD52-4754-99B6-01DDFE4E62AB}.Release|x86.Build.0 = Release|Win32
	EndGlobalSection
	GlobalSection(SolutionProperties) = preSolution
		HideSolutionNode = FALSE
	EndGlobalSection
	GlobalSection(ExtensibilityGlobals) = postSolution
		SolutionGuid = {FAA6AC64-1873-4F03-B244-136025218F4F}
	EndGlobalSection
EndGlobal
