
Microsoft Visual Studio Solution File, Format Version 12.00
# Visual Studio Version 17
VisualStudioVersion = 17.14.36221.1 d17.14
MinimumVisualStudioVersion = 10.0.40219.1
Project("{8BC9CEB8-8B4A-11D0-8D11-00A0C91BC942}") = "010", "010\010.vcxproj", "{CE7B6372-EEF6-46E6-A4FF-9E1E11989830}"
EndProject
Project("{8BC9CEB8-8B4A-11D0-8D11-00A0C91BC942}") = "023", "023\023.vcxproj", "{EEC9D557-904A-49D8-A8C1-48C016DE6460}"
EndProject
Project("{8BC9CEB8-8B4A-11D0-8D11-00A0C91BC942}") = "036", "036\036.vcxproj", "{0BE11A54-8C33-47C4-ADCB-12BAD4DAEA7E}"
EndProject
Project("{8BC9CEB8-8B4A-11D0-8D11-00A0C91BC942}") = "049", "049\049.vcxproj", "{2DD60F79-1796-4837-8C3B-A7AE329D4AE6}"
EndProject
Project("{8BC9CEB8-8B4A-11D0-8D11-00A0C91BC942}") = "062", "062\062.vcxproj", "{FFADA741-5C97-45B4-865A-5FE1C7A734BC}"
EndProject
Project("{8BC9CEB8-8B4A-11D0-8D11-00A0C91BC942}") = "075", "075\075.vcxproj", "{0088023A-1E74-462D-A570-7BD7B83DAE4F}"
EndProject
Project("{8BC9CEB8-8B4A-11D0-8D11-00A0C91BC942}") = "088", "088\088.vcxproj", "{2875ACA5-BE28-4197-AF64-878F66D5DEC5}"
EndProject
Project("{8BC9CEB8-8B4A-11D0-8D11-00A0C91BC942}") = "101", "101\101.vcxproj", "{1EAB139D-7B3E-4A59-A099-02AB0873C489}"
EndProject
Project("{8BC9CEB8-8B4A-11D0-8D11-00A0C91BC942}") = "114", "114\114.vcxproj", "{F67A6053-5479-42DE-AF76-64CF462802EC}"
EndProject
Project("{8BC9CEB8-8B4A-11D0-8D11-00A0C91BC942}") = "127", "127\127.vcxproj", "{1064DCF7-2B25-4861-BB0F-2087A9282D07}"
EndProject
Project("{8BC9CEB8-8B4A-11D0-8D11-00A0C91BC942}") = "140", "140\140.vcxproj", "{E0933B98-270E-4CCB-89E6-DA6F8226238A}"
EndProject
Project("{8BC9CEB8-8B4A-11D0-8D11-00A0C91BC942}") = "153", "153\153.vcxproj", "{2D4857BB-F782-450F-99DD-14B2D5D40248}"
EndProject
Global
	GlobalSection(SolutionConfigurationPlatforms) = preSolution
		Debug|x64 = Debug|x64
		Debug|x86 = Debug|x86
		Release|x64 = Release|x64
		Release|x86 = Release|x86
	EndGlobalSection
	GlobalSection(ProjectConfigurationPlatforms) = postSolution
		{CE7B6372-EEF6-46E6-A4FF-9E1E11989830}.Debug|x64.ActiveCfg = Debug|x64
		{CE7B6372-EEF6-46E6-A4FF-9E1E11989830}.Debug|x64.Build.0 = Debug|x64
		{CE7B6372-EEF6-46E6-A4FF-9E1E11989830}.Debug|x86.ActiveCfg = Debug|Win32
		{CE7B6372-EEF6-46E6-A4FF-9E1E11989830}.Debug|x86.Build.0 = Debug|Win32
		{CE7B6372-EEF6-46E6-A4FF-9E1E11989830}.Release|x64.ActiveCfg = Release|x64
		{CE7B6372-EEF6-46E6-A4FF-9E1E11989830}.Release|x64.Build.0 = Release|x64
		{CE7B6372-EEF6-46E6-A4FF-9E1E11989830}.Release|x86.ActiveCfg = Release|Win32
		{CE7B6372-EEF6-46E6-A4FF-9E1E11989830}.Release|x86.Build.0 = Release|Win32
		{EEC9D557-904A-49D8-A8C1-48C016DE6460}.Debug|x64.ActiveCfg = Debug|x64
		{EEC9D557-904A-49D8-A8C1-48C016DE6460}.Debug|x64.Build.0 = Debug|x64
		{EEC9D557-904A-49D8-A8C1-48C016DE6460}.Debug|x86.ActiveCfg = Debug|Win32
		{EEC9D557-904A-49D8-A8C1-48C016DE6460}.Debug|x86.Build.0 = Debug|Win32
		{EEC9D557-904A-49D8-A8C1-48C016DE6460}.Release|x64.ActiveCfg = Release|x64
		{EEC9D557-904A-49D8-A8C1-48C016DE6460}.Release|x64.Build.0 = Release|x64
		{EEC9D557-904A-49D8-A8C1-48C016DE6460}.Release|x86.ActiveCfg = Release|Win32
		{EEC9D557-904A-49D8-A8C1-48C016DE6460}.Release|x86.Build.0 = Release|Win32
		{0BE11A54-8C33-47C4-ADCB-12BAD4DAEA7E}.Debug|x64.ActiveCfg = Debug|x64
		{0BE11A54-8C33-47C4-ADCB-12BAD4DAEA7E}.Debug|x64.Build.0 = Debug|x64
		{0BE11A54-8C33-47C4-ADCB-12BAD4DAEA7E}.Debug|x86.ActiveCfg = Debug|Win32
		{0BE11A54-8C33-47C4-ADCB-12BAD4DAEA7E}.Debug|x86.Build.0 = Debug|Win32
		{0BE11A54-8C33-47C4-ADCB-12BAD4DAEA7E}.Release|x64.ActiveCfg = Release|x64
		{0BE11A54-8C33-47C4-ADCB-12BAD4DAEA7E}.Release|x64.Build.0 = Release|x64
		{0BE11A54-8C33-47C4-ADCB-12BAD4DAEA7E}.Release|x86.ActiveCfg = Release|Win32
		{0BE11A54-8C33-47C4-ADCB-12BAD4DAEA7E}.Release|x86.Build.0 = Release|Win32
		{2DD60F79-1796-4837-8C3B-A7AE329D4AE6}.Debug|x64.ActiveCfg = Debug|x64
		{2DD60F79-1796-4837-8C3B-A7AE329D4AE6}.Debug|x64.Build.0 = Debug|x64
		{2DD60F79-1796-4837-8C3B-A7AE329D4AE6}.Debug|x86.ActiveCfg = Debug|Win32
		{2DD60F79-1796-4837-8C3B-A7AE329D4AE6}.Debug|x86.Build.0 = Debug|Win32
		{2DD60F79-1796-4837-8C3B-A7AE329D4AE6}.Release|x64.ActiveCfg = Release|x64
		{2DD60F79-1796-4837-8C3B-A7AE329D4AE6}.Release|x64.Build.0 = Release|x64
		{2DD60F79-1796-4837-8C3B-A7AE329D4AE6}.Release|x86.ActiveCfg = Release|Win32
		{2DD60F79-1796-4837-8C3B-A7AE329D4AE6}.Release|x86.Build.0 = Release|Win32
		{FFADA741-5C97-45B4-865A-5FE1C7A734BC}.Debug|x64.ActiveCfg = Debug|x64
		{FFADA741-5C97-45B4-865A-5FE1C7A734BC}.Debug|x64.Build.0 = Debug|x64
		{FFADA741-5C97-45B4-865A-5FE1C7A734BC}.Debug|x86.ActiveCfg = Debug|Win32
		{FFADA741-5C97-45B4-865A-5FE1C7A734BC}.Debug|x86.Build.0 = Debug|Win32
		{FFADA741-5C97-45B4-865A-5FE1C7A734BC}.Release|x64.ActiveCfg = Release|x64
		{FFADA741-5C97-45B4-865A-5FE1C7A734BC}.Release|x64.Build.0 = Release|x64
		{FFADA741-5C97-45B4-865A-5FE1C7A734BC}.Release|x86.ActiveCfg = Release|Win32
		{FFADA741-5C97-45B4-865A-5FE1C7A734BC}.Release|x86.Build.0 = Release|Win32
		{0088023A-1E74-462D-A570-7BD7B83DAE4F}.Debug|x64.ActiveCfg = Debug|x64
		{0088023A-1E74-462D-A570-7BD7B83DAE4F}.Debug|x64.Build.0 = Debug|x64
		{0088023A-1E74-462D-A570-7BD7B83DAE4F}.Debug|x86.ActiveCfg = Debug|Win32
		{0088023A-1E74-462D-A570-7BD7B83DAE4F}.Debug|x86.Build.0 = Debug|Win32
		{0088023A-1E74-462D-A570-7BD7B83DAE4F}.Release|x64.ActiveCfg = Release|x64
		{0088023A-1E74-462D-A570-7BD7B83DAE4F}.Release|x64.Build.0 = Release|x64
		{0088023A-1E74-462D-A570-7BD7B83DAE4F}.Release|x86.ActiveCfg = Release|Win32
		{0088023A-1E74-462D-A570-7BD7B83DAE4F}.Release|x86.Build.0 = Release|Win32
		{2875ACA5-BE28-4197-AF64-878F66D5DEC5}.Debug|x64.ActiveCfg = Debug|x64
		{2875ACA5-BE28-4197-AF64-878F66D5DEC5}.Debug|x64.Build.0 = Debug|x64
		{2875ACA5-BE28-4197-AF64-878F66D5DEC5}.Debug|x86.ActiveCfg = Debug|Win32
		{2875ACA5-BE28-4197-AF64-878F66D5DEC5}.Debug|x86.Build.0 = Debug|Win32
		{2875ACA5-BE28-4197-AF64-878F66D5DEC5}.Release|x64.ActiveCfg = Release|x64
		{2875ACA5-BE28-4197-AF64-878F66D5DEC5}.Release|x64.Build.0 = Release|x64
		{2875ACA5-BE28-4197-AF64-878F66D5DEC5}.Release|x86.ActiveCfg = Release|Win32
		{2875ACA5-BE28-4197-AF64-878F66D5DEC5}.Release|x86.Build.0 = Release|Win32
		{1EAB139D-7B3E-4A59-A099-02AB0873C489}.Debug|x64.ActiveCfg = Debug|x64
		{1EAB139D-7B3E-4A59-A099-02AB0873C489}.Debug|x64.Build.0 = Debug|x64
		{1EAB139D-7B3E-4A59-A099-02AB0873C489}.Debug|x86.ActiveCfg = Debug|Win32
		{1EAB139D-7B3E-4A59-A099-02AB0873C489}.Debug|x86.Build.0 = Debug|Win32
		{1EAB139D-7B3E-4A59-A099-02AB0873C489}.Release|x64.ActiveCfg = Release|x64
		{1EAB139D-7B3E-4A59-A099-02AB0873C489}.Release|x64.Build.0 = Release|x64
		{1EAB139D-7B3E-4A59-A099-02AB0873C489}.Release|x86.ActiveCfg = Release|Win32
		{1EAB139D-7B3E-4A59-A099-02AB0873C489}.Release|x86.Build.0 = Release|Win32
		{F67A6053-5479-42DE-AF76-64CF462802EC}.Debug|x64.ActiveCfg = Debug|x64
		{F67A6053-5479-42DE-AF76-64CF462802EC}.Debug|x64.Build.0 = Debug|x64
		{F67A6053-5479-42DE-AF76-64CF462802EC}.Debug|x86.ActiveCfg = Debug|Win32
		{F67A6053-5479-42DE-AF76-64CF462802EC}.Debug|x86.Build.0 = Debug|Win32
		{F67A6053-5479-42DE-AF76-64CF462802EC}.Release|x64.ActiveCfg = Release|x64
		{F67A6053-5479-42DE-AF76-64CF462802EC}.Release|x64.Build.0 = Release|x64
		{F67A6053-5479-42DE-AF76-64CF462802EC}.Release|x86.ActiveCfg = Release|Win32
		{F67A6053-5479-42DE-AF76-64CF462802EC}.Release|x86.Build.0 = Release|Win32
		{1064DCF7-2B25-4861-BB0F-2087A9282D07}.Debug|x64.ActiveCfg = Debug|x64
		{1064DCF7-2B25-4861-BB0F-2087A9282D07}.Debug|x64.Build.0 = Debug|x64
		{1064DCF7-2B25-4861-BB0F-2087A9282D07}.Debug|x86.ActiveCfg = Debug|Win32
		{1064DCF7-2B25-4861-BB0F-2087A9282D07}.Debug|x86.Build.0 = Debug|Win32
		{1064DCF7-2B25-4861-BB0F-2087A9282D07}.Release|x64.ActiveCfg = Release|x64
		{1064DCF7-2B25-4861-BB0F-2087A9282D07}.Release|x64.Build.0 = Release|x64
		{1064DCF7-2B25-4861-BB0F-2087A9282D07}.Release|x86.ActiveCfg = Release|Win32
		{1064DCF7-2B25-4861-BB0F-2087A9282D07}.Release|x86.Build.0 = Release|Win32
		{E0933B98-270E-4CCB-89E6-DA6F8226238A}.Debug|x64.ActiveCfg = Debug|x64
		{E0933B98-270E-4CCB-89E6-DA6F8226238A}.Debug|x64.Build.0 = Debug|x64
		{E0933B98-270E-4CCB-89E6-DA6F8226238A}.Debug|x86.ActiveCfg = Debug|Win32
		{E0933B98-270E-4CCB-89E6-DA6F8226238A}.Debug|x86.Build.0 = Debug|Win32
		{E0933B98-270E-4CCB-89E6-DA6F8226238A}.Release|x64.ActiveCfg = Release|x64
		{E0933B98-270E-4CCB-89E6-DA6F8226238A}.Release|x64.Build.0 = Release|x64
		{E0933B98-270E-4CCB-89E6-DA6F8226238A}.Release|x86.ActiveCfg = Release|Win32
		{E0933B98-270E-4CCB-89E6-DA6F8226238A}.Release|x86.Build.0 = Release|Win32
		{2D4857BB-F782-450F-99DD-14B2D5D40248}.Debug|x64.ActiveCfg = Debug|x64
		{2D4857BB-F782-450F-99DD-14B2D5D40248}.Debug|x64.Build.0 = Debug|x64
		{2D4857BB-F782-450F-99DD-14B2D5D40248}.Debug|x86.ActiveCfg = Debug|Win32
		{2D4857BB-F782-450F-99DD-14B2D5D40248}.Debug|x86.Build.0 = Debug|Win32
		{2D4857BB-F782-450F-99DD-14B2D5D40248}.Release|x64.ActiveCfg = Release|x64
		{2D4857BB-F782-450F-99DD-14B2D5D40248}.Release|x64.Build.0 = Release|x64
		{2D4857BB-F782-450F-99DD-14B2D5D40248}.Release|x86.ActiveCfg = Release|Win32
		{2D4857BB-F782-450F-99DD-14B2D5D40248}.Release|x86.Build.0 = Release|Win32
	EndGlobalSection
	GlobalSection(SolutionProperties) = preSolution
		HideSolutionNode = FALSE
	EndGlobalSection
	GlobalSection(ExtensibilityGlobals) = postSolution
		SolutionGuid = {9CB32A96-76DD-49DD-BDDD-101A52EE0E00}
	EndGlobalSection
EndGlobal
