
Microsoft Visual Studio Solution File, Format Version 12.00
# Visual Studio Version 17
VisualStudioVersion = 17.11.35327.3
MinimumVisualStudioVersion = 10.0.40219.1
Project("{8BC9CEB8-8B4A-11D0-8D11-00A0C91BC942}") = "Tuan", "Tuan.vcxproj", "{E828FC4F-497C-4543-91A9-5FB55ADA7D0A}"
EndProject
Project("{8BC9CEB8-8B4A-11D0-8D11-00A0C91BC942}") = "003", "..\003\003.vcxproj", "{14606961-139B-4620-8FBF-216846A339E6}"
EndProject
Project("{8BC9CEB8-8B4A-11D0-8D11-00A0C91BC942}") = "016", "..\016\016.vcxproj", "{0D3FAE70-10D1-4B11-AA9E-B7EF85AF55F6}"
EndProject
Project("{8BC9CEB8-8B4A-11D0-8D11-00A0C91BC942}") = "029", "..\029\029.vcxproj", "{BB453B38-5989-4D37-839A-4870A969222A}"
EndProject
Project("{8BC9CEB8-8B4A-11D0-8D11-00A0C91BC942}") = "042", "..\042\042.vcxproj", "{DA8B0F22-C0F1-4FE1-BF61-FB35FBA6ADED}"
EndProject
Project("{8BC9CEB8-8B4A-11D0-8D11-00A0C91BC942}") = "055", "..\055\055.vcxproj", "{7D5A8782-5FDD-46EB-9E45-A838C85CA8A3}"
EndProject
Project("{8BC9CEB8-8B4A-11D0-8D11-00A0C91BC942}") = "068", "..\068\068.vcxproj", "{8C32F054-567F-4FD6-AE13-C7BE5D49B707}"
EndProject
Project("{8BC9CEB8-8B4A-11D0-8D11-00A0C91BC942}") = "081", "..\081\081.vcxproj", "{13A210A9-D879-469C-B509-B8CF1492B389}"
EndProject
Project("{8BC9CEB8-8B4A-11D0-8D11-00A0C91BC942}") = "094", "..\094\094.vcxproj", "{2F18CCB7-790B-4271-9AE5-A3C095FDCA06}"
EndProject
Project("{8BC9CEB8-8B4A-11D0-8D11-00A0C91BC942}") = "107", "..\107\107.vcxproj", "{5ED5E774-4F24-424B-A67C-21D46ADC3164}"
EndProject
Global
	GlobalSection(SolutionConfigurationPlatforms) = preSolution
		Debug|x64 = Debug|x64
		Debug|x86 = Debug|x86
		Release|x64 = Release|x64
		Release|x86 = Release|x86
	EndGlobalSection
	GlobalSection(ProjectConfigurationPlatforms) = postSolution
		{E828FC4F-497C-4543-91A9-5FB55ADA7D0A}.Debug|x64.ActiveCfg = Debug|x64
		{E828FC4F-497C-4543-91A9-5FB55ADA7D0A}.Debug|x64.Build.0 = Debug|x64
		{E828FC4F-497C-4543-91A9-5FB55ADA7D0A}.Debug|x86.ActiveCfg = Debug|Win32
		{E828FC4F-497C-4543-91A9-5FB55ADA7D0A}.Debug|x86.Build.0 = Debug|Win32
		{E828FC4F-497C-4543-91A9-5FB55ADA7D0A}.Release|x64.ActiveCfg = Release|x64
		{E828FC4F-497C-4543-91A9-5FB55ADA7D0A}.Release|x64.Build.0 = Release|x64
		{E828FC4F-497C-4543-91A9-5FB55ADA7D0A}.Release|x86.ActiveCfg = Release|Win32
		{E828FC4F-497C-4543-91A9-5FB55ADA7D0A}.Release|x86.Build.0 = Release|Win32
		{14606961-139B-4620-8FBF-216846A339E6}.Debug|x64.ActiveCfg = Debug|x64
		{14606961-139B-4620-8FBF-216846A339E6}.Debug|x64.Build.0 = Debug|x64
		{14606961-139B-4620-8FBF-216846A339E6}.Debug|x86.ActiveCfg = Debug|Win32
		{14606961-139B-4620-8FBF-216846A339E6}.Debug|x86.Build.0 = Debug|Win32
		{14606961-139B-4620-8FBF-216846A339E6}.Release|x64.ActiveCfg = Release|x64
		{14606961-139B-4620-8FBF-216846A339E6}.Release|x64.Build.0 = Release|x64
		{14606961-139B-4620-8FBF-216846A339E6}.Release|x86.ActiveCfg = Release|Win32
		{14606961-139B-4620-8FBF-216846A339E6}.Release|x86.Build.0 = Release|Win32
		{0D3FAE70-10D1-4B11-AA9E-B7EF85AF55F6}.Debug|x64.ActiveCfg = Debug|x64
		{0D3FAE70-10D1-4B11-AA9E-B7EF85AF55F6}.Debug|x64.Build.0 = Debug|x64
		{0D3FAE70-10D1-4B11-AA9E-B7EF85AF55F6}.Debug|x86.ActiveCfg = Debug|Win32
		{0D3FAE70-10D1-4B11-AA9E-B7EF85AF55F6}.Debug|x86.Build.0 = Debug|Win32
		{0D3FAE70-10D1-4B11-AA9E-B7EF85AF55F6}.Release|x64.ActiveCfg = Release|x64
		{0D3FAE70-10D1-4B11-AA9E-B7EF85AF55F6}.Release|x64.Build.0 = Release|x64
		{0D3FAE70-10D1-4B11-AA9E-B7EF85AF55F6}.Release|x86.ActiveCfg = Release|Win32
		{0D3FAE70-10D1-4B11-AA9E-B7EF85AF55F6}.Release|x86.Build.0 = Release|Win32
		{BB453B38-5989-4D37-839A-4870A969222A}.Debug|x64.ActiveCfg = Debug|x64
		{BB453B38-5989-4D37-839A-4870A969222A}.Debug|x64.Build.0 = Debug|x64
		{BB453B38-5989-4D37-839A-4870A969222A}.Debug|x86.ActiveCfg = Debug|Win32
		{BB453B38-5989-4D37-839A-4870A969222A}.Debug|x86.Build.0 = Debug|Win32
		{BB453B38-5989-4D37-839A-4870A969222A}.Release|x64.ActiveCfg = Release|x64
		{BB453B38-5989-4D37-839A-4870A969222A}.Release|x64.Build.0 = Release|x64
		{BB453B38-5989-4D37-839A-4870A969222A}.Release|x86.ActiveCfg = Release|Win32
		{BB453B38-5989-4D37-839A-4870A969222A}.Release|x86.Build.0 = Release|Win32
		{DA8B0F22-C0F1-4FE1-BF61-FB35FBA6ADED}.Debug|x64.ActiveCfg = Debug|x64
		{DA8B0F22-C0F1-4FE1-BF61-FB35FBA6ADED}.Debug|x64.Build.0 = Debug|x64
		{DA8B0F22-C0F1-4FE1-BF61-FB35FBA6ADED}.Debug|x86.ActiveCfg = Debug|Win32
		{DA8B0F22-C0F1-4FE1-BF61-FB35FBA6ADED}.Debug|x86.Build.0 = Debug|Win32
		{DA8B0F22-C0F1-4FE1-BF61-FB35FBA6ADED}.Release|x64.ActiveCfg = Release|x64
		{DA8B0F22-C0F1-4FE1-BF61-FB35FBA6ADED}.Release|x64.Build.0 = Release|x64
		{DA8B0F22-C0F1-4FE1-BF61-FB35FBA6ADED}.Release|x86.ActiveCfg = Release|Win32
		{DA8B0F22-C0F1-4FE1-BF61-FB35FBA6ADED}.Release|x86.Build.0 = Release|Win32
		{7D5A8782-5FDD-46EB-9E45-A838C85CA8A3}.Debug|x64.ActiveCfg = Debug|x64
		{7D5A8782-5FDD-46EB-9E45-A838C85CA8A3}.Debug|x64.Build.0 = Debug|x64
		{7D5A8782-5FDD-46EB-9E45-A838C85CA8A3}.Debug|x86.ActiveCfg = Debug|Win32
		{7D5A8782-5FDD-46EB-9E45-A838C85CA8A3}.Debug|x86.Build.0 = Debug|Win32
		{7D5A8782-5FDD-46EB-9E45-A838C85CA8A3}.Release|x64.ActiveCfg = Release|x64
		{7D5A8782-5FDD-46EB-9E45-A838C85CA8A3}.Release|x64.Build.0 = Release|x64
		{7D5A8782-5FDD-46EB-9E45-A838C85CA8A3}.Release|x86.ActiveCfg = Release|Win32
		{7D5A8782-5FDD-46EB-9E45-A838C85CA8A3}.Release|x86.Build.0 = Release|Win32
		{8C32F054-567F-4FD6-AE13-C7BE5D49B707}.Debug|x64.ActiveCfg = Debug|x64
		{8C32F054-567F-4FD6-AE13-C7BE5D49B707}.Debug|x64.Build.0 = Debug|x64
		{8C32F054-567F-4FD6-AE13-C7BE5D49B707}.Debug|x86.ActiveCfg = Debug|Win32
		{8C32F054-567F-4FD6-AE13-C7BE5D49B707}.Debug|x86.Build.0 = Debug|Win32
		{8C32F054-567F-4FD6-AE13-C7BE5D49B707}.Release|x64.ActiveCfg = Release|x64
		{8C32F054-567F-4FD6-AE13-C7BE5D49B707}.Release|x64.Build.0 = Release|x64
		{8C32F054-567F-4FD6-AE13-C7BE5D49B707}.Release|x86.ActiveCfg = Release|Win32
		{8C32F054-567F-4FD6-AE13-C7BE5D49B707}.Release|x86.Build.0 = Release|Win32
		{13A210A9-D879-469C-B509-B8CF1492B389}.Debug|x64.ActiveCfg = Debug|x64
		{13A210A9-D879-469C-B509-B8CF1492B389}.Debug|x64.Build.0 = Debug|x64
		{13A210A9-D879-469C-B509-B8CF1492B389}.Debug|x86.ActiveCfg = Debug|Win32
		{13A210A9-D879-469C-B509-B8CF1492B389}.Debug|x86.Build.0 = Debug|Win32
		{13A210A9-D879-469C-B509-B8CF1492B389}.Release|x64.ActiveCfg = Release|x64
		{13A210A9-D879-469C-B509-B8CF1492B389}.Release|x64.Build.0 = Release|x64
		{13A210A9-D879-469C-B509-B8CF1492B389}.Release|x86.ActiveCfg = Release|Win32
		{13A210A9-D879-469C-B509-B8CF1492B389}.Release|x86.Build.0 = Release|Win32
		{2F18CCB7-790B-4271-9AE5-A3C095FDCA06}.Debug|x64.ActiveCfg = Debug|x64
		{2F18CCB7-790B-4271-9AE5-A3C095FDCA06}.Debug|x64.Build.0 = Debug|x64
		{2F18CCB7-790B-4271-9AE5-A3C095FDCA06}.Debug|x86.ActiveCfg = Debug|Win32
		{2F18CCB7-790B-4271-9AE5-A3C095FDCA06}.Debug|x86.Build.0 = Debug|Win32
		{2F18CCB7-790B-4271-9AE5-A3C095FDCA06}.Release|x64.ActiveCfg = Release|x64
		{2F18CCB7-790B-4271-9AE5-A3C095FDCA06}.Release|x64.Build.0 = Release|x64
		{2F18CCB7-790B-4271-9AE5-A3C095FDCA06}.Release|x86.ActiveCfg = Release|Win32
		{2F18CCB7-790B-4271-9AE5-A3C095FDCA06}.Release|x86.Build.0 = Release|Win32
		{5ED5E774-4F24-424B-A67C-21D46ADC3164}.Debug|x64.ActiveCfg = Debug|x64
		{5ED5E774-4F24-424B-A67C-21D46ADC3164}.Debug|x64.Build.0 = Debug|x64
		{5ED5E774-4F24-424B-A67C-21D46ADC3164}.Debug|x86.ActiveCfg = Debug|Win32
		{5ED5E774-4F24-424B-A67C-21D46ADC3164}.Debug|x86.Build.0 = Debug|Win32
		{5ED5E774-4F24-424B-A67C-21D46ADC3164}.Release|x64.ActiveCfg = Release|x64
		{5ED5E774-4F24-424B-A67C-21D46ADC3164}.Release|x64.Build.0 = Release|x64
		{5ED5E774-4F24-424B-A67C-21D46ADC3164}.Release|x86.ActiveCfg = Release|Win32
		{5ED5E774-4F24-424B-A67C-21D46ADC3164}.Release|x86.Build.0 = Release|Win32
	EndGlobalSection
	GlobalSection(SolutionProperties) = preSolution
		HideSolutionNode = FALSE
	EndGlobalSection
	GlobalSection(ExtensibilityGlobals) = postSolution
		SolutionGuid = {BABC05B1-9BE5-4950-A9B0-B1DEA7D5B4E5}
	EndGlobalSection
EndGlobal
