
Microsoft Visual Studio Solution File, Format Version 12.00
# Visual Studio Version 17
VisualStudioVersion = 17.13.35919.96
MinimumVisualStudioVersion = 10.0.40219.1
Project("{8BC9CEB8-8B4A-11D0-8D11-00A0C91BC942}") = "005", "005\005.vcxproj", "{85E45F2F-B616-4632-8B41-F53061F88D6C}"
EndProject
Project("{8BC9CEB8-8B4A-11D0-8D11-00A0C91BC942}") = "018", "018\018.vcxproj", "{3FBE6BDC-9188-45D7-AC9A-58835E804B25}"
EndProject
Project("{8BC9CEB8-8B4A-11D0-8D11-00A0C91BC942}") = "031", "031\031.vcxproj", "{FE5559EE-F214-4AA3-BCDC-A4D388CE9EB8}"
EndProject
Project("{8BC9CEB8-8B4A-11D0-8D11-00A0C91BC942}") = "044", "044\044.vcxproj", "{D2A85C13-5287-4992-80F4-1D2C1BC1C016}"
EndProject
Project("{8BC9CEB8-8B4A-11D0-8D11-00A0C91BC942}") = "057", "057\057.vcxproj", "{A15E6C82-D034-4667-AD0A-09812109B663}"
EndProject
Project("{8BC9CEB8-8B4A-11D0-8D11-00A0C91BC942}") = "070", "070\070.vcxproj", "{9A6695C6-B175-4676-ADD1-A9EFF18F9FDF}"
EndProject
Project("{8BC9CEB8-8B4A-11D0-8D11-00A0C91BC942}") = "083", "083\083.vcxproj", "{9E9A836B-B74D-4BBF-BC1F-E83EFB4ABDE6}"
EndProject
Project("{8BC9CEB8-8B4A-11D0-8D11-00A0C91BC942}") = "096", "096\096.vcxproj", "{C066871E-8DD7-4C89-AF8C-AD2F184FC353}"
EndProject
Project("{8BC9CEB8-8B4A-11D0-8D11-00A0C91BC942}") = "109", "109\109.vcxproj", "{577309FB-C2D9-455F-AFE7-336C4E9F4879}"
EndProject
Project("{8BC9CEB8-8B4A-11D0-8D11-00A0C91BC942}") = "122", "122\122.vcxproj", "{55FA1646-3F17-4491-91B8-5D47B5CECCAC}"
EndProject
Project("{8BC9CEB8-8B4A-11D0-8D11-00A0C91BC942}") = "135", "135\135.vcxproj", "{22243416-AB15-49AE-ADB7-7CBC140ACB14}"
EndProject
Project("{8BC9CEB8-8B4A-11D0-8D11-00A0C91BC942}") = "148", "148\148.vcxproj", "{C27D3001-D9A7-47D4-B8B1-A29CF89AD6CA}"
EndProject
Global
	GlobalSection(SolutionConfigurationPlatforms) = preSolution
		Debug|x64 = Debug|x64
		Debug|x86 = Debug|x86
		Release|x64 = Release|x64
		Release|x86 = Release|x86
	EndGlobalSection
	GlobalSection(ProjectConfigurationPlatforms) = postSolution
		{85E45F2F-B616-4632-8B41-F53061F88D6C}.Debug|x64.ActiveCfg = Debug|x64
		{85E45F2F-B616-4632-8B41-F53061F88D6C}.Debug|x64.Build.0 = Debug|x64
		{85E45F2F-B616-4632-8B41-F53061F88D6C}.Debug|x86.ActiveCfg = Debug|Win32
		{85E45F2F-B616-4632-8B41-F53061F88D6C}.Debug|x86.Build.0 = Debug|Win32
		{85E45F2F-B616-4632-8B41-F53061F88D6C}.Release|x64.ActiveCfg = Release|x64
		{85E45F2F-B616-4632-8B41-F53061F88D6C}.Release|x64.Build.0 = Release|x64
		{85E45F2F-B616-4632-8B41-F53061F88D6C}.Release|x86.ActiveCfg = Release|Win32
		{85E45F2F-B616-4632-8B41-F53061F88D6C}.Release|x86.Build.0 = Release|Win32
		{3FBE6BDC-9188-45D7-AC9A-58835E804B25}.Debug|x64.ActiveCfg = Debug|x64
		{3FBE6BDC-9188-45D7-AC9A-58835E804B25}.Debug|x64.Build.0 = Debug|x64
		{3FBE6BDC-9188-45D7-AC9A-58835E804B25}.Debug|x86.ActiveCfg = Debug|Win32
		{3FBE6BDC-9188-45D7-AC9A-58835E804B25}.Debug|x86.Build.0 = Debug|Win32
		{3FBE6BDC-9188-45D7-AC9A-58835E804B25}.Release|x64.ActiveCfg = Release|x64
		{3FBE6BDC-9188-45D7-AC9A-58835E804B25}.Release|x64.Build.0 = Release|x64
		{3FBE6BDC-9188-45D7-AC9A-58835E804B25}.Release|x86.ActiveCfg = Release|Win32
		{3FBE6BDC-9188-45D7-AC9A-58835E804B25}.Release|x86.Build.0 = Release|Win32
		{FE5559EE-F214-4AA3-BCDC-A4D388CE9EB8}.Debug|x64.ActiveCfg = Debug|x64
		{FE5559EE-F214-4AA3-BCDC-A4D388CE9EB8}.Debug|x64.Build.0 = Debug|x64
		{FE5559EE-F214-4AA3-BCDC-A4D388CE9EB8}.Debug|x86.ActiveCfg = Debug|Win32
		{FE5559EE-F214-4AA3-BCDC-A4D388CE9EB8}.Debug|x86.Build.0 = Debug|Win32
		{FE5559EE-F214-4AA3-BCDC-A4D388CE9EB8}.Release|x64.ActiveCfg = Release|x64
		{FE5559EE-F214-4AA3-BCDC-A4D388CE9EB8}.Release|x64.Build.0 = Release|x64
		{FE5559EE-F214-4AA3-BCDC-A4D388CE9EB8}.Release|x86.ActiveCfg = Release|Win32
		{FE5559EE-F214-4AA3-BCDC-A4D388CE9EB8}.Release|x86.Build.0 = Release|Win32
		{D2A85C13-5287-4992-80F4-1D2C1BC1C016}.Debug|x64.ActiveCfg = Debug|x64
		{D2A85C13-5287-4992-80F4-1D2C1BC1C016}.Debug|x64.Build.0 = Debug|x64
		{D2A85C13-5287-4992-80F4-1D2C1BC1C016}.Debug|x86.ActiveCfg = Debug|Win32
		{D2A85C13-5287-4992-80F4-1D2C1BC1C016}.Debug|x86.Build.0 = Debug|Win32
		{D2A85C13-5287-4992-80F4-1D2C1BC1C016}.Release|x64.ActiveCfg = Release|x64
		{D2A85C13-5287-4992-80F4-1D2C1BC1C016}.Release|x64.Build.0 = Release|x64
		{D2A85C13-5287-4992-80F4-1D2C1BC1C016}.Release|x86.ActiveCfg = Release|Win32
		{D2A85C13-5287-4992-80F4-1D2C1BC1C016}.Release|x86.Build.0 = Release|Win32
		{A15E6C82-D034-4667-AD0A-09812109B663}.Debug|x64.ActiveCfg = Debug|x64
		{A15E6C82-D034-4667-AD0A-09812109B663}.Debug|x64.Build.0 = Debug|x64
		{A15E6C82-D034-4667-AD0A-09812109B663}.Debug|x86.ActiveCfg = Debug|Win32
		{A15E6C82-D034-4667-AD0A-09812109B663}.Debug|x86.Build.0 = Debug|Win32
		{A15E6C82-D034-4667-AD0A-09812109B663}.Release|x64.ActiveCfg = Release|x64
		{A15E6C82-D034-4667-AD0A-09812109B663}.Release|x64.Build.0 = Release|x64
		{A15E6C82-D034-4667-AD0A-09812109B663}.Release|x86.ActiveCfg = Release|Win32
		{A15E6C82-D034-4667-AD0A-09812109B663}.Release|x86.Build.0 = Release|Win32
		{9A6695C6-B175-4676-ADD1-A9EFF18F9FDF}.Debug|x64.ActiveCfg = Debug|x64
		{9A6695C6-B175-4676-ADD1-A9EFF18F9FDF}.Debug|x64.Build.0 = Debug|x64
		{9A6695C6-B175-4676-ADD1-A9EFF18F9FDF}.Debug|x86.ActiveCfg = Debug|Win32
		{9A6695C6-B175-4676-ADD1-A9EFF18F9FDF}.Debug|x86.Build.0 = Debug|Win32
		{9A6695C6-B175-4676-ADD1-A9EFF18F9FDF}.Release|x64.ActiveCfg = Release|x64
		{9A6695C6-B175-4676-ADD1-A9EFF18F9FDF}.Release|x64.Build.0 = Release|x64
		{9A6695C6-B175-4676-ADD1-A9EFF18F9FDF}.Release|x86.ActiveCfg = Release|Win32
		{9A6695C6-B175-4676-ADD1-A9EFF18F9FDF}.Release|x86.Build.0 = Release|Win32
		{9E9A836B-B74D-4BBF-BC1F-E83EFB4ABDE6}.Debug|x64.ActiveCfg = Debug|x64
		{9E9A836B-B74D-4BBF-BC1F-E83EFB4ABDE6}.Debug|x64.Build.0 = Debug|x64
		{9E9A836B-B74D-4BBF-BC1F-E83EFB4ABDE6}.Debug|x86.ActiveCfg = Debug|Win32
		{9E9A836B-B74D-4BBF-BC1F-E83EFB4ABDE6}.Debug|x86.Build.0 = Debug|Win32
		{9E9A836B-B74D-4BBF-BC1F-E83EFB4ABDE6}.Release|x64.ActiveCfg = Release|x64
		{9E9A836B-B74D-4BBF-BC1F-E83EFB4ABDE6}.Release|x64.Build.0 = Release|x64
		{9E9A836B-B74D-4BBF-BC1F-E83EFB4ABDE6}.Release|x86.ActiveCfg = Release|Win32
		{9E9A836B-B74D-4BBF-BC1F-E83EFB4ABDE6}.Release|x86.Build.0 = Release|Win32
		{C066871E-8DD7-4C89-AF8C-AD2F184FC353}.Debug|x64.ActiveCfg = Debug|x64
		{C066871E-8DD7-4C89-AF8C-AD2F184FC353}.Debug|x64.Build.0 = Debug|x64
		{C066871E-8DD7-4C89-AF8C-AD2F184FC353}.Debug|x86.ActiveCfg = Debug|Win32
		{C066871E-8DD7-4C89-AF8C-AD2F184FC353}.Debug|x86.Build.0 = Debug|Win32
		{C066871E-8DD7-4C89-AF8C-AD2F184FC353}.Release|x64.ActiveCfg = Release|x64
		{C066871E-8DD7-4C89-AF8C-AD2F184FC353}.Release|x64.Build.0 = Release|x64
		{C066871E-8DD7-4C89-AF8C-AD2F184FC353}.Release|x86.ActiveCfg = Release|Win32
		{C066871E-8DD7-4C89-AF8C-AD2F184FC353}.Release|x86.Build.0 = Release|Win32
		{577309FB-C2D9-455F-AFE7-336C4E9F4879}.Debug|x64.ActiveCfg = Debug|x64
		{577309FB-C2D9-455F-AFE7-336C4E9F4879}.Debug|x64.Build.0 = Debug|x64
		{577309FB-C2D9-455F-AFE7-336C4E9F4879}.Debug|x86.ActiveCfg = Debug|Win32
		{577309FB-C2D9-455F-AFE7-336C4E9F4879}.Debug|x86.Build.0 = Debug|Win32
		{577309FB-C2D9-455F-AFE7-336C4E9F4879}.Release|x64.ActiveCfg = Release|x64
		{577309FB-C2D9-455F-AFE7-336C4E9F4879}.Release|x64.Build.0 = Release|x64
		{577309FB-C2D9-455F-AFE7-336C4E9F4879}.Release|x86.ActiveCfg = Release|Win32
		{577309FB-C2D9-455F-AFE7-336C4E9F4879}.Release|x86.Build.0 = Release|Win32
		{55FA1646-3F17-4491-91B8-5D47B5CECCAC}.Debug|x64.ActiveCfg = Debug|x64
		{55FA1646-3F17-4491-91B8-5D47B5CECCAC}.Debug|x64.Build.0 = Debug|x64
		{55FA1646-3F17-4491-91B8-5D47B5CECCAC}.Debug|x86.ActiveCfg = Debug|Win32
		{55FA1646-3F17-4491-91B8-5D47B5CECCAC}.Debug|x86.Build.0 = Debug|Win32
		{55FA1646-3F17-4491-91B8-5D47B5CECCAC}.Release|x64.ActiveCfg = Release|x64
		{55FA1646-3F17-4491-91B8-5D47B5CECCAC}.Release|x64.Build.0 = Release|x64
		{55FA1646-3F17-4491-91B8-5D47B5CECCAC}.Release|x86.ActiveCfg = Release|Win32
		{55FA1646-3F17-4491-91B8-5D47B5CECCAC}.Release|x86.Build.0 = Release|Win32
		{22243416-AB15-49AE-ADB7-7CBC140ACB14}.Debug|x64.ActiveCfg = Debug|x64
		{22243416-AB15-49AE-ADB7-7CBC140ACB14}.Debug|x64.Build.0 = Debug|x64
		{22243416-AB15-49AE-ADB7-7CBC140ACB14}.Debug|x86.ActiveCfg = Debug|Win32
		{22243416-AB15-49AE-ADB7-7CBC140ACB14}.Debug|x86.Build.0 = Debug|Win32
		{22243416-AB15-49AE-ADB7-7CBC140ACB14}.Release|x64.ActiveCfg = Release|x64
		{22243416-AB15-49AE-ADB7-7CBC140ACB14}.Release|x64.Build.0 = Release|x64
		{22243416-AB15-49AE-ADB7-7CBC140ACB14}.Release|x86.ActiveCfg = Release|Win32
		{22243416-AB15-49AE-ADB7-7CBC140ACB14}.Release|x86.Build.0 = Release|Win32
		{C27D3001-D9A7-47D4-B8B1-A29CF89AD6CA}.Debug|x64.ActiveCfg = Debug|x64
		{C27D3001-D9A7-47D4-B8B1-A29CF89AD6CA}.Debug|x64.Build.0 = Debug|x64
		{C27D3001-D9A7-47D4-B8B1-A29CF89AD6CA}.Debug|x86.ActiveCfg = Debug|Win32
		{C27D3001-D9A7-47D4-B8B1-A29CF89AD6CA}.Debug|x86.Build.0 = Debug|Win32
		{C27D3001-D9A7-47D4-B8B1-A29CF89AD6CA}.Release|x64.ActiveCfg = Release|x64
		{C27D3001-D9A7-47D4-B8B1-A29CF89AD6CA}.Release|x64.Build.0 = Release|x64
		{C27D3001-D9A7-47D4-B8B1-A29CF89AD6CA}.Release|x86.ActiveCfg = Release|Win32
		{C27D3001-D9A7-47D4-B8B1-A29CF89AD6CA}.Release|x86.Build.0 = Release|Win32
	EndGlobalSection
	GlobalSection(SolutionProperties) = preSolution
		HideSolutionNode = FALSE
	EndGlobalSection
	GlobalSection(ExtensibilityGlobals) = postSolution
		SolutionGuid = {FB7911ED-24B5-439A-B9BA-E6A8D2BC84D4}
	EndGlobalSection
EndGlobal
