
Microsoft Visual Studio Solution File, Format Version 12.00
# Visual Studio Version 17
VisualStudioVersion = 17.13.35913.81 d17.13
MinimumVisualStudioVersion = 10.0.40219.1
Project("{8BC9CEB8-8B4A-11D0-8D11-00A0C91BC942}") = "012", "012\012.vcxproj", "{8094A74A-B182-4E80-8F28-A924B2E16FFA}"
EndProject
Project("{8BC9CEB8-8B4A-11D0-8D11-00A0C91BC942}") = "025", "025\025.vcxproj", "{B5FB4E0A-ADEC-4378-8E3E-EB98E4AF253E}"
EndProject
Project("{8BC9CEB8-8B4A-11D0-8D11-00A0C91BC942}") = "038", "038\038.vcxproj", "{B35104C9-7558-41D3-ABCE-7ECBF4D0A0B3}"
EndProject
Project("{8BC9CEB8-8B4A-11D0-8D11-00A0C91BC942}") = "051", "051\051.vcxproj", "{BF686912-BCB4-48AE-9514-80493464B97D}"
EndProject
Project("{8BC9CEB8-8B4A-11D0-8D11-00A0C91BC942}") = "064", "064\064.vcxproj", "{6C93A928-7D6B-475C-ABA2-092525152636}"
EndProject
Project("{8BC9CEB8-8B4A-11D0-8D11-00A0C91BC942}") = "077", "077\077.vcxproj", "{6B49B830-13B0-410A-BB04-52FC8C5C1F23}"
EndProject
Project("{8BC9CEB8-8B4A-11D0-8D11-00A0C91BC942}") = "090", "090\090.vcxproj", "{3F62A10E-B90E-4BD5-B800-25DBD7414250}"
EndProject
Project("{8BC9CEB8-8B4A-11D0-8D11-00A0C91BC942}") = "103", "103\103.vcxproj", "{1EF34197-BFB0-4020-8A04-C0ECD2C81500}"
EndProject
Project("{8BC9CEB8-8B4A-11D0-8D11-00A0C91BC942}") = "116", "116\116.vcxproj", "{9BE71BA4-8B34-4B2F-A007-CA66B883E259}"
EndProject
Project("{8BC9CEB8-8B4A-11D0-8D11-00A0C91BC942}") = "129", "129\129.vcxproj", "{6D47D19D-6E95-46AD-A3F5-2A4F2B156123}"
EndProject
Project("{8BC9CEB8-8B4A-11D0-8D11-00A0C91BC942}") = "142", "142\142.vcxproj", "{88F2372F-FD6B-43BF-841E-090810556C90}"
EndProject
Global
	GlobalSection(SolutionConfigurationPlatforms) = preSolution
		Debug|x64 = Debug|x64
		Debug|x86 = Debug|x86
		Release|x64 = Release|x64
		Release|x86 = Release|x86
	EndGlobalSection
	GlobalSection(ProjectConfigurationPlatforms) = postSolution
		{8094A74A-B182-4E80-8F28-A924B2E16FFA}.Debug|x64.ActiveCfg = Debug|x64
		{8094A74A-B182-4E80-8F28-A924B2E16FFA}.Debug|x64.Build.0 = Debug|x64
		{8094A74A-B182-4E80-8F28-A924B2E16FFA}.Debug|x86.ActiveCfg = Debug|Win32
		{8094A74A-B182-4E80-8F28-A924B2E16FFA}.Debug|x86.Build.0 = Debug|Win32
		{8094A74A-B182-4E80-8F28-A924B2E16FFA}.Release|x64.ActiveCfg = Release|x64
		{8094A74A-B182-4E80-8F28-A924B2E16FFA}.Release|x64.Build.0 = Release|x64
		{8094A74A-B182-4E80-8F28-A924B2E16FFA}.Release|x86.ActiveCfg = Release|Win32
		{8094A74A-B182-4E80-8F28-A924B2E16FFA}.Release|x86.Build.0 = Release|Win32
		{B5FB4E0A-ADEC-4378-8E3E-EB98E4AF253E}.Debug|x64.ActiveCfg = Debug|x64
		{B5FB4E0A-ADEC-4378-8E3E-EB98E4AF253E}.Debug|x64.Build.0 = Debug|x64
		{B5FB4E0A-ADEC-4378-8E3E-EB98E4AF253E}.Debug|x86.ActiveCfg = Debug|Win32
		{B5FB4E0A-ADEC-4378-8E3E-EB98E4AF253E}.Debug|x86.Build.0 = Debug|Win32
		{B5FB4E0A-ADEC-4378-8E3E-EB98E4AF253E}.Release|x64.ActiveCfg = Release|x64
		{B5FB4E0A-ADEC-4378-8E3E-EB98E4AF253E}.Release|x64.Build.0 = Release|x64
		{B5FB4E0A-ADEC-4378-8E3E-EB98E4AF253E}.Release|x86.ActiveCfg = Release|Win32
		{B5FB4E0A-ADEC-4378-8E3E-EB98E4AF253E}.Release|x86.Build.0 = Release|Win32
		{B35104C9-7558-41D3-ABCE-7ECBF4D0A0B3}.Debug|x64.ActiveCfg = Debug|x64
		{B35104C9-7558-41D3-ABCE-7ECBF4D0A0B3}.Debug|x64.Build.0 = Debug|x64
		{B35104C9-7558-41D3-ABCE-7ECBF4D0A0B3}.Debug|x86.ActiveCfg = Debug|Win32
		{B35104C9-7558-41D3-ABCE-7ECBF4D0A0B3}.Debug|x86.Build.0 = Debug|Win32
		{B35104C9-7558-41D3-ABCE-7ECBF4D0A0B3}.Release|x64.ActiveCfg = Release|x64
		{B35104C9-7558-41D3-ABCE-7ECBF4D0A0B3}.Release|x64.Build.0 = Release|x64
		{B35104C9-7558-41D3-ABCE-7ECBF4D0A0B3}.Release|x86.ActiveCfg = Release|Win32
		{B35104C9-7558-41D3-ABCE-7ECBF4D0A0B3}.Release|x86.Build.0 = Release|Win32
		{BF686912-BCB4-48AE-9514-80493464B97D}.Debug|x64.ActiveCfg = Debug|x64
		{BF686912-BCB4-48AE-9514-80493464B97D}.Debug|x64.Build.0 = Debug|x64
		{BF686912-BCB4-48AE-9514-80493464B97D}.Debug|x86.ActiveCfg = Debug|Win32
		{BF686912-BCB4-48AE-9514-80493464B97D}.Debug|x86.Build.0 = Debug|Win32
		{BF686912-BCB4-48AE-9514-80493464B97D}.Release|x64.ActiveCfg = Release|x64
		{BF686912-BCB4-48AE-9514-80493464B97D}.Release|x64.Build.0 = Release|x64
		{BF686912-BCB4-48AE-9514-80493464B97D}.Release|x86.ActiveCfg = Release|Win32
		{BF686912-BCB4-48AE-9514-80493464B97D}.Release|x86.Build.0 = Release|Win32
		{6C93A928-7D6B-475C-ABA2-092525152636}.Debug|x64.ActiveCfg = Debug|x64
		{6C93A928-7D6B-475C-ABA2-092525152636}.Debug|x64.Build.0 = Debug|x64
		{6C93A928-7D6B-475C-ABA2-092525152636}.Debug|x86.ActiveCfg = Debug|Win32
		{6C93A928-7D6B-475C-ABA2-092525152636}.Debug|x86.Build.0 = Debug|Win32
		{6C93A928-7D6B-475C-ABA2-092525152636}.Release|x64.ActiveCfg = Release|x64
		{6C93A928-7D6B-475C-ABA2-092525152636}.Release|x64.Build.0 = Release|x64
		{6C93A928-7D6B-475C-ABA2-092525152636}.Release|x86.ActiveCfg = Release|Win32
		{6C93A928-7D6B-475C-ABA2-092525152636}.Release|x86.Build.0 = Release|Win32
		{6B49B830-13B0-410A-BB04-52FC8C5C1F23}.Debug|x64.ActiveCfg = Debug|x64
		{6B49B830-13B0-410A-BB04-52FC8C5C1F23}.Debug|x64.Build.0 = Debug|x64
		{6B49B830-13B0-410A-BB04-52FC8C5C1F23}.Debug|x86.ActiveCfg = Debug|Win32
		{6B49B830-13B0-410A-BB04-52FC8C5C1F23}.Debug|x86.Build.0 = Debug|Win32
		{6B49B830-13B0-410A-BB04-52FC8C5C1F23}.Release|x64.ActiveCfg = Release|x64
		{6B49B830-13B0-410A-BB04-52FC8C5C1F23}.Release|x64.Build.0 = Release|x64
		{6B49B830-13B0-410A-BB04-52FC8C5C1F23}.Release|x86.ActiveCfg = Release|Win32
		{6B49B830-13B0-410A-BB04-52FC8C5C1F23}.Release|x86.Build.0 = Release|Win32
		{3F62A10E-B90E-4BD5-B800-25DBD7414250}.Debug|x64.ActiveCfg = Debug|x64
		{3F62A10E-B90E-4BD5-B800-25DBD7414250}.Debug|x64.Build.0 = Debug|x64
		{3F62A10E-B90E-4BD5-B800-25DBD7414250}.Debug|x86.ActiveCfg = Debug|Win32
		{3F62A10E-B90E-4BD5-B800-25DBD7414250}.Debug|x86.Build.0 = Debug|Win32
		{3F62A10E-B90E-4BD5-B800-25DBD7414250}.Release|x64.ActiveCfg = Release|x64
		{3F62A10E-B90E-4BD5-B800-25DBD7414250}.Release|x64.Build.0 = Release|x64
		{3F62A10E-B90E-4BD5-B800-25DBD7414250}.Release|x86.ActiveCfg = Release|Win32
		{3F62A10E-B90E-4BD5-B800-25DBD7414250}.Release|x86.Build.0 = Release|Win32
		{1EF34197-BFB0-4020-8A04-C0ECD2C81500}.Debug|x64.ActiveCfg = Debug|x64
		{1EF34197-BFB0-4020-8A04-C0ECD2C81500}.Debug|x64.Build.0 = Debug|x64
		{1EF34197-BFB0-4020-8A04-C0ECD2C81500}.Debug|x86.ActiveCfg = Debug|Win32
		{1EF34197-BFB0-4020-8A04-C0ECD2C81500}.Debug|x86.Build.0 = Debug|Win32
		{1EF34197-BFB0-4020-8A04-C0ECD2C81500}.Release|x64.ActiveCfg = Release|x64
		{1EF34197-BFB0-4020-8A04-C0ECD2C81500}.Release|x64.Build.0 = Release|x64
		{1EF34197-BFB0-4020-8A04-C0ECD2C81500}.Release|x86.ActiveCfg = Release|Win32
		{1EF34197-BFB0-4020-8A04-C0ECD2C81500}.Release|x86.Build.0 = Release|Win32
		{9BE71BA4-8B34-4B2F-A007-CA66B883E259}.Debug|x64.ActiveCfg = Debug|x64
		{9BE71BA4-8B34-4B2F-A007-CA66B883E259}.Debug|x64.Build.0 = Debug|x64
		{9BE71BA4-8B34-4B2F-A007-CA66B883E259}.Debug|x86.ActiveCfg = Debug|Win32
		{9BE71BA4-8B34-4B2F-A007-CA66B883E259}.Debug|x86.Build.0 = Debug|Win32
		{9BE71BA4-8B34-4B2F-A007-CA66B883E259}.Release|x64.ActiveCfg = Release|x64
		{9BE71BA4-8B34-4B2F-A007-CA66B883E259}.Release|x64.Build.0 = Release|x64
		{9BE71BA4-8B34-4B2F-A007-CA66B883E259}.Release|x86.ActiveCfg = Release|Win32
		{9BE71BA4-8B34-4B2F-A007-CA66B883E259}.Release|x86.Build.0 = Release|Win32
		{6D47D19D-6E95-46AD-A3F5-2A4F2B156123}.Debug|x64.ActiveCfg = Debug|x64
		{6D47D19D-6E95-46AD-A3F5-2A4F2B156123}.Debug|x64.Build.0 = Debug|x64
		{6D47D19D-6E95-46AD-A3F5-2A4F2B156123}.Debug|x86.ActiveCfg = Debug|Win32
		{6D47D19D-6E95-46AD-A3F5-2A4F2B156123}.Debug|x86.Build.0 = Debug|Win32
		{6D47D19D-6E95-46AD-A3F5-2A4F2B156123}.Release|x64.ActiveCfg = Release|x64
		{6D47D19D-6E95-46AD-A3F5-2A4F2B156123}.Release|x64.Build.0 = Release|x64
		{6D47D19D-6E95-46AD-A3F5-2A4F2B156123}.Release|x86.ActiveCfg = Release|Win32
		{6D47D19D-6E95-46AD-A3F5-2A4F2B156123}.Release|x86.Build.0 = Release|Win32
		{88F2372F-FD6B-43BF-841E-090810556C90}.Debug|x64.ActiveCfg = Debug|x64
		{88F2372F-FD6B-43BF-841E-090810556C90}.Debug|x64.Build.0 = Debug|x64
		{88F2372F-FD6B-43BF-841E-090810556C90}.Debug|x86.ActiveCfg = Debug|Win32
		{88F2372F-FD6B-43BF-841E-090810556C90}.Debug|x86.Build.0 = Debug|Win32
		{88F2372F-FD6B-43BF-841E-090810556C90}.Release|x64.ActiveCfg = Release|x64
		{88F2372F-FD6B-43BF-841E-090810556C90}.Release|x64.Build.0 = Release|x64
		{88F2372F-FD6B-43BF-841E-090810556C90}.Release|x86.ActiveCfg = Release|Win32
		{88F2372F-FD6B-43BF-841E-090810556C90}.Release|x86.Build.0 = Release|Win32
	EndGlobalSection
	GlobalSection(SolutionProperties) = preSolution
		HideSolutionNode = FALSE
	EndGlobalSection
	GlobalSection(ExtensibilityGlobals) = postSolution
		SolutionGuid = {9CEBB592-4964-45D9-893A-6E135490C886}
	EndGlobalSection
EndGlobal
