
Microsoft Visual Studio Solution File, Format Version 12.00
# Visual Studio Version 17
VisualStudioVersion = 17.14.36109.1 d17.14
MinimumVisualStudioVersion = 10.0.40219.1
Project("{8BC9CEB8-8B4A-11D0-8D11-00A0C91BC942}") = "002", "002\002.vcxproj", "{E3BE7F12-4ABD-44E8-AC4F-220B1E721718}"
EndProject
Project("{8BC9CEB8-8B4A-11D0-8D11-00A0C91BC942}") = "015", "015\015.vcxproj", "{C4EDF8B6-F9F5-4EA7-9073-251636A59972}"
EndProject
Project("{8BC9CEB8-8B4A-11D0-8D11-00A0C91BC942}") = "028", "028\028.vcxproj", "{ED55E62B-0029-419D-949A-7E333069FBDC}"
EndProject
Project("{8BC9CEB8-8B4A-11D0-8D11-00A0C91BC942}") = "041", "041\041.vcxproj", "{66619AF4-988B-45B0-A380-7946BD482B0B}"
EndProject
Project("{8BC9CEB8-8B4A-11D0-8D11-00A0C91BC942}") = "054", "054\054.vcxproj", "{9662D45E-EA0E-4EDA-8C79-76E5E87F1D50}"
EndProject
Project("{8BC9CEB8-8B4A-11D0-8D11-00A0C91BC942}") = "067", "067\067.vcxproj", "{48EAC30F-4EB2-4561-BAB3-E504D9DE81A4}"
EndProject
Project("{8BC9CEB8-8B4A-11D0-8D11-00A0C91BC942}") = "080", "080\080.vcxproj", "{ED483B73-A586-4429-B9DB-23BC82B12609}"
EndProject
Project("{8BC9CEB8-8B4A-11D0-8D11-00A0C91BC942}") = "093", "093\093.vcxproj", "{A12B42E4-7BE6-4E3B-BC8B-6D4910614109}"
EndProject
Project("{8BC9CEB8-8B4A-11D0-8D11-00A0C91BC942}") = "106", "106\106.vcxproj", "{5D097C6F-7D69-4148-9C39-830D72EAEA7A}"
EndProject
Project("{8BC9CEB8-8B4A-11D0-8D11-00A0C91BC942}") = "119", "119\119.vcxproj", "{7DB26F32-B552-48FD-B924-06B9FEAA27A3}"
EndProject
Project("{8BC9CEB8-8B4A-11D0-8D11-00A0C91BC942}") = "132", "132\132.vcxproj", "{61FE4C26-6077-4F85-943F-8B3F82C08BDF}"
EndProject
Project("{8BC9CEB8-8B4A-11D0-8D11-00A0C91BC942}") = "145", "145\145.vcxproj", "{A15B8E3D-1AC7-4DB6-9F3D-F65A94F39659}"
EndProject
Global
	GlobalSection(SolutionConfigurationPlatforms) = preSolution
		Debug|x64 = Debug|x64
		Debug|x86 = Debug|x86
		Release|x64 = Release|x64
		Release|x86 = Release|x86
	EndGlobalSection
	GlobalSection(ProjectConfigurationPlatforms) = postSolution
		{E3BE7F12-4ABD-44E8-AC4F-220B1E721718}.Debug|x64.ActiveCfg = Debug|x64
		{E3BE7F12-4ABD-44E8-AC4F-220B1E721718}.Debug|x64.Build.0 = Debug|x64
		{E3BE7F12-4ABD-44E8-AC4F-220B1E721718}.Debug|x86.ActiveCfg = Debug|Win32
		{E3BE7F12-4ABD-44E8-AC4F-220B1E721718}.Debug|x86.Build.0 = Debug|Win32
		{E3BE7F12-4ABD-44E8-AC4F-220B1E721718}.Release|x64.ActiveCfg = Release|x64
		{E3BE7F12-4ABD-44E8-AC4F-220B1E721718}.Release|x64.Build.0 = Release|x64
		{E3BE7F12-4ABD-44E8-AC4F-220B1E721718}.Release|x86.ActiveCfg = Release|Win32
		{E3BE7F12-4ABD-44E8-AC4F-220B1E721718}.Release|x86.Build.0 = Release|Win32
		{C4EDF8B6-F9F5-4EA7-9073-251636A59972}.Debug|x64.ActiveCfg = Debug|x64
		{C4EDF8B6-F9F5-4EA7-9073-251636A59972}.Debug|x64.Build.0 = Debug|x64
		{C4EDF8B6-F9F5-4EA7-9073-251636A59972}.Debug|x86.ActiveCfg = Debug|Win32
		{C4EDF8B6-F9F5-4EA7-9073-251636A59972}.Debug|x86.Build.0 = Debug|Win32
		{C4EDF8B6-F9F5-4EA7-9073-251636A59972}.Release|x64.ActiveCfg = Release|x64
		{C4EDF8B6-F9F5-4EA7-9073-251636A59972}.Release|x64.Build.0 = Release|x64
		{C4EDF8B6-F9F5-4EA7-9073-251636A59972}.Release|x86.ActiveCfg = Release|Win32
		{C4EDF8B6-F9F5-4EA7-9073-251636A59972}.Release|x86.Build.0 = Release|Win32
		{ED55E62B-0029-419D-949A-7E333069FBDC}.Debug|x64.ActiveCfg = Debug|x64
		{ED55E62B-0029-419D-949A-7E333069FBDC}.Debug|x64.Build.0 = Debug|x64
		{ED55E62B-0029-419D-949A-7E333069FBDC}.Debug|x86.ActiveCfg = Debug|Win32
		{ED55E62B-0029-419D-949A-7E333069FBDC}.Debug|x86.Build.0 = Debug|Win32
		{ED55E62B-0029-419D-949A-7E333069FBDC}.Release|x64.ActiveCfg = Release|x64
		{ED55E62B-0029-419D-949A-7E333069FBDC}.Release|x64.Build.0 = Release|x64
		{ED55E62B-0029-419D-949A-7E333069FBDC}.Release|x86.ActiveCfg = Release|Win32
		{ED55E62B-0029-419D-949A-7E333069FBDC}.Release|x86.Build.0 = Release|Win32
		{66619AF4-988B-45B0-A380-7946BD482B0B}.Debug|x64.ActiveCfg = Debug|x64
		{66619AF4-988B-45B0-A380-7946BD482B0B}.Debug|x64.Build.0 = Debug|x64
		{66619AF4-988B-45B0-A380-7946BD482B0B}.Debug|x86.ActiveCfg = Debug|Win32
		{66619AF4-988B-45B0-A380-7946BD482B0B}.Debug|x86.Build.0 = Debug|Win32
		{66619AF4-988B-45B0-A380-7946BD482B0B}.Release|x64.ActiveCfg = Release|x64
		{66619AF4-988B-45B0-A380-7946BD482B0B}.Release|x64.Build.0 = Release|x64
		{66619AF4-988B-45B0-A380-7946BD482B0B}.Release|x86.ActiveCfg = Release|Win32
		{66619AF4-988B-45B0-A380-7946BD482B0B}.Release|x86.Build.0 = Release|Win32
		{9662D45E-EA0E-4EDA-8C79-76E5E87F1D50}.Debug|x64.ActiveCfg = Debug|x64
		{9662D45E-EA0E-4EDA-8C79-76E5E87F1D50}.Debug|x64.Build.0 = Debug|x64
		{9662D45E-EA0E-4EDA-8C79-76E5E87F1D50}.Debug|x86.ActiveCfg = Debug|Win32
		{9662D45E-EA0E-4EDA-8C79-76E5E87F1D50}.Debug|x86.Build.0 = Debug|Win32
		{9662D45E-EA0E-4EDA-8C79-76E5E87F1D50}.Release|x64.ActiveCfg = Release|x64
		{9662D45E-EA0E-4EDA-8C79-76E5E87F1D50}.Release|x64.Build.0 = Release|x64
		{9662D45E-EA0E-4EDA-8C79-76E5E87F1D50}.Release|x86.ActiveCfg = Release|Win32
		{9662D45E-EA0E-4EDA-8C79-76E5E87F1D50}.Release|x86.Build.0 = Release|Win32
		{48EAC30F-4EB2-4561-BAB3-E504D9DE81A4}.Debug|x64.ActiveCfg = Debug|x64
		{48EAC30F-4EB2-4561-BAB3-E504D9DE81A4}.Debug|x64.Build.0 = Debug|x64
		{48EAC30F-4EB2-4561-BAB3-E504D9DE81A4}.Debug|x86.ActiveCfg = Debug|Win32
		{48EAC30F-4EB2-4561-BAB3-E504D9DE81A4}.Debug|x86.Build.0 = Debug|Win32
		{48EAC30F-4EB2-4561-BAB3-E504D9DE81A4}.Release|x64.ActiveCfg = Release|x64
		{48EAC30F-4EB2-4561-BAB3-E504D9DE81A4}.Release|x64.Build.0 = Release|x64
		{48EAC30F-4EB2-4561-BAB3-E504D9DE81A4}.Release|x86.ActiveCfg = Release|Win32
		{48EAC30F-4EB2-4561-BAB3-E504D9DE81A4}.Release|x86.Build.0 = Release|Win32
		{ED483B73-A586-4429-B9DB-23BC82B12609}.Debug|x64.ActiveCfg = Debug|x64
		{ED483B73-A586-4429-B9DB-23BC82B12609}.Debug|x64.Build.0 = Debug|x64
		{ED483B73-A586-4429-B9DB-23BC82B12609}.Debug|x86.ActiveCfg = Debug|Win32
		{ED483B73-A586-4429-B9DB-23BC82B12609}.Debug|x86.Build.0 = Debug|Win32
		{ED483B73-A586-4429-B9DB-23BC82B12609}.Release|x64.ActiveCfg = Release|x64
		{ED483B73-A586-4429-B9DB-23BC82B12609}.Release|x64.Build.0 = Release|x64
		{ED483B73-A586-4429-B9DB-23BC82B12609}.Release|x86.ActiveCfg = Release|Win32
		{ED483B73-A586-4429-B9DB-23BC82B12609}.Release|x86.Build.0 = Release|Win32
		{A12B42E4-7BE6-4E3B-BC8B-6D4910614109}.Debug|x64.ActiveCfg = Debug|x64
		{A12B42E4-7BE6-4E3B-BC8B-6D4910614109}.Debug|x64.Build.0 = Debug|x64
		{A12B42E4-7BE6-4E3B-BC8B-6D4910614109}.Debug|x86.ActiveCfg = Debug|Win32
		{A12B42E4-7BE6-4E3B-BC8B-6D4910614109}.Debug|x86.Build.0 = Debug|Win32
		{A12B42E4-7BE6-4E3B-BC8B-6D4910614109}.Release|x64.ActiveCfg = Release|x64
		{A12B42E4-7BE6-4E3B-BC8B-6D4910614109}.Release|x64.Build.0 = Release|x64
		{A12B42E4-7BE6-4E3B-BC8B-6D4910614109}.Release|x86.ActiveCfg = Release|Win32
		{A12B42E4-7BE6-4E3B-BC8B-6D4910614109}.Release|x86.Build.0 = Release|Win32
		{5D097C6F-7D69-4148-9C39-830D72EAEA7A}.Debug|x64.ActiveCfg = Debug|x64
		{5D097C6F-7D69-4148-9C39-830D72EAEA7A}.Debug|x64.Build.0 = Debug|x64
		{5D097C6F-7D69-4148-9C39-830D72EAEA7A}.Debug|x86.ActiveCfg = Debug|Win32
		{5D097C6F-7D69-4148-9C39-830D72EAEA7A}.Debug|x86.Build.0 = Debug|Win32
		{5D097C6F-7D69-4148-9C39-830D72EAEA7A}.Release|x64.ActiveCfg = Release|x64
		{5D097C6F-7D69-4148-9C39-830D72EAEA7A}.Release|x64.Build.0 = Release|x64
		{5D097C6F-7D69-4148-9C39-830D72EAEA7A}.Release|x86.ActiveCfg = Release|Win32
		{5D097C6F-7D69-4148-9C39-830D72EAEA7A}.Release|x86.Build.0 = Release|Win32
		{7DB26F32-B552-48FD-B924-06B9FEAA27A3}.Debug|x64.ActiveCfg = Debug|x64
		{7DB26F32-B552-48FD-B924-06B9FEAA27A3}.Debug|x64.Build.0 = Debug|x64
		{7DB26F32-B552-48FD-B924-06B9FEAA27A3}.Debug|x86.ActiveCfg = Debug|Win32
		{7DB26F32-B552-48FD-B924-06B9FEAA27A3}.Debug|x86.Build.0 = Debug|Win32
		{7DB26F32-B552-48FD-B924-06B9FEAA27A3}.Release|x64.ActiveCfg = Release|x64
		{7DB26F32-B552-48FD-B924-06B9FEAA27A3}.Release|x64.Build.0 = Release|x64
		{7DB26F32-B552-48FD-B924-06B9FEAA27A3}.Release|x86.ActiveCfg = Release|Win32
		{7DB26F32-B552-48FD-B924-06B9FEAA27A3}.Release|x86.Build.0 = Release|Win32
		{61FE4C26-6077-4F85-943F-8B3F82C08BDF}.Debug|x64.ActiveCfg = Debug|x64
		{61FE4C26-6077-4F85-943F-8B3F82C08BDF}.Debug|x64.Build.0 = Debug|x64
		{61FE4C26-6077-4F85-943F-8B3F82C08BDF}.Debug|x86.ActiveCfg = Debug|Win32
		{61FE4C26-6077-4F85-943F-8B3F82C08BDF}.Debug|x86.Build.0 = Debug|Win32
		{61FE4C26-6077-4F85-943F-8B3F82C08BDF}.Release|x64.ActiveCfg = Release|x64
		{61FE4C26-6077-4F85-943F-8B3F82C08BDF}.Release|x64.Build.0 = Release|x64
		{61FE4C26-6077-4F85-943F-8B3F82C08BDF}.Release|x86.ActiveCfg = Release|Win32
		{61FE4C26-6077-4F85-943F-8B3F82C08BDF}.Release|x86.Build.0 = Release|Win32
		{A15B8E3D-1AC7-4DB6-9F3D-F65A94F39659}.Debug|x64.ActiveCfg = Debug|x64
		{A15B8E3D-1AC7-4DB6-9F3D-F65A94F39659}.Debug|x64.Build.0 = Debug|x64
		{A15B8E3D-1AC7-4DB6-9F3D-F65A94F39659}.Debug|x86.ActiveCfg = Debug|Win32
		{A15B8E3D-1AC7-4DB6-9F3D-F65A94F39659}.Debug|x86.Build.0 = Debug|Win32
		{A15B8E3D-1AC7-4DB6-9F3D-F65A94F39659}.Release|x64.ActiveCfg = Release|x64
		{A15B8E3D-1AC7-4DB6-9F3D-F65A94F39659}.Release|x64.Build.0 = Release|x64
		{A15B8E3D-1AC7-4DB6-9F3D-F65A94F39659}.Release|x86.ActiveCfg = Release|Win32
		{A15B8E3D-1AC7-4DB6-9F3D-F65A94F39659}.Release|x86.Build.0 = Release|Win32
	EndGlobalSection
	GlobalSection(SolutionProperties) = preSolution
		HideSolutionNode = FALSE
	EndGlobalSection
	GlobalSection(ExtensibilityGlobals) = postSolution
		SolutionGuid = {359A5CCE-E86F-4B01-BF8B-138B5BB38FE8}
	EndGlobalSection
EndGlobal
