
Microsoft Visual Studio Solution File, Format Version 12.00
# Visual Studio Version 17
VisualStudioVersion = 17.14.36221.1 d17.14
MinimumVisualStudioVersion = 10.0.40219.1
Project("{8BC9CEB8-8B4A-11D0-8D11-00A0C91BC942}") = "008", "008\008.vcxproj", "{C4CFAFFE-5344-4E34-8EB6-B8DB16C51321}"
EndProject
Project("{8BC9CEB8-8B4A-11D0-8D11-00A0C91BC942}") = "021", "021\021.vcxproj", "{B0E10499-AAEE-41B6-84B1-F9892260D0BD}"
EndProject
Project("{8BC9CEB8-8B4A-11D0-8D11-00A0C91BC942}") = "034", "034\034.vcxproj", "{0E7E93AA-27F4-4E26-91D3-5E2907EF5BB4}"
EndProject
Project("{8BC9CEB8-8B4A-11D0-8D11-00A0C91BC942}") = "047", "047\047.vcxproj", "{6237BB51-D8A8-4401-B2B9-9535C62E06F7}"
EndProject
Project("{8BC9CEB8-8B4A-11D0-8D11-00A0C91BC942}") = "060", "060\060.vcxproj", "{4229AABB-D983-4865-BC03-31AC6ADF5C57}"
EndProject
Project("{8BC9CEB8-8B4A-11D0-8D11-00A0C91BC942}") = "073", "073\073.vcxproj", "{63B462F6-3BF7-4B3B-8773-65D2E00776FB}"
EndProject
Project("{8BC9CEB8-8B4A-11D0-8D11-00A0C91BC942}") = "086", "086\086.vcxproj", "{F9C6D305-F48B-44D1-A78B-364CE26FAF39}"
EndProject
Global
	GlobalSection(SolutionConfigurationPlatforms) = preSolution
		Debug|x64 = Debug|x64
		Debug|x86 = Debug|x86
		Release|x64 = Release|x64
		Release|x86 = Release|x86
	EndGlobalSection
	GlobalSection(ProjectConfigurationPlatforms) = postSolution
		{C4CFAFFE-5344-4E34-8EB6-B8DB16C51321}.Debug|x64.ActiveCfg = Debug|x64
		{C4CFAFFE-5344-4E34-8EB6-B8DB16C51321}.Debug|x64.Build.0 = Debug|x64
		{C4CFAFFE-5344-4E34-8EB6-B8DB16C51321}.Debug|x86.ActiveCfg = Debug|Win32
		{C4CFAFFE-5344-4E34-8EB6-B8DB16C51321}.Debug|x86.Build.0 = Debug|Win32
		{C4CFAFFE-5344-4E34-8EB6-B8DB16C51321}.Release|x64.ActiveCfg = Release|x64
		{C4CFAFFE-5344-4E34-8EB6-B8DB16C51321}.Release|x64.Build.0 = Release|x64
		{C4CFAFFE-5344-4E34-8EB6-B8DB16C51321}.Release|x86.ActiveCfg = Release|Win32
		{C4CFAFFE-5344-4E34-8EB6-B8DB16C51321}.Release|x86.Build.0 = Release|Win32
		{B0E10499-AAEE-41B6-84B1-F9892260D0BD}.Debug|x64.ActiveCfg = Debug|x64
		{B0E10499-AAEE-41B6-84B1-F9892260D0BD}.Debug|x64.Build.0 = Debug|x64
		{B0E10499-AAEE-41B6-84B1-F9892260D0BD}.Debug|x86.ActiveCfg = Debug|Win32
		{B0E10499-AAEE-41B6-84B1-F9892260D0BD}.Debug|x86.Build.0 = Debug|Win32
		{B0E10499-AAEE-41B6-84B1-F9892260D0BD}.Release|x64.ActiveCfg = Release|x64
		{B0E10499-AAEE-41B6-84B1-F9892260D0BD}.Release|x64.Build.0 = Release|x64
		{B0E10499-AAEE-41B6-84B1-F9892260D0BD}.Release|x86.ActiveCfg = Release|Win32
		{B0E10499-AAEE-41B6-84B1-F9892260D0BD}.Release|x86.Build.0 = Release|Win32
		{0E7E93AA-27F4-4E26-91D3-5E2907EF5BB4}.Debug|x64.ActiveCfg = Debug|x64
		{0E7E93AA-27F4-4E26-91D3-5E2907EF5BB4}.Debug|x64.Build.0 = Debug|x64
		{0E7E93AA-27F4-4E26-91D3-5E2907EF5BB4}.Debug|x86.ActiveCfg = Debug|Win32
		{0E7E93AA-27F4-4E26-91D3-5E2907EF5BB4}.Debug|x86.Build.0 = Debug|Win32
		{0E7E93AA-27F4-4E26-91D3-5E2907EF5BB4}.Release|x64.ActiveCfg = Release|x64
		{0E7E93AA-27F4-4E26-91D3-5E2907EF5BB4}.Release|x64.Build.0 = Release|x64
		{0E7E93AA-27F4-4E26-91D3-5E2907EF5BB4}.Release|x86.ActiveCfg = Release|Win32
		{0E7E93AA-27F4-4E26-91D3-5E2907EF5BB4}.Release|x86.Build.0 = Release|Win32
		{6237BB51-D8A8-4401-B2B9-9535C62E06F7}.Debug|x64.ActiveCfg = Debug|x64
		{6237BB51-D8A8-4401-B2B9-9535C62E06F7}.Debug|x64.Build.0 = Debug|x64
		{6237BB51-D8A8-4401-B2B9-9535C62E06F7}.Debug|x86.ActiveCfg = Debug|Win32
		{6237BB51-D8A8-4401-B2B9-9535C62E06F7}.Debug|x86.Build.0 = Debug|Win32
		{6237BB51-D8A8-4401-B2B9-9535C62E06F7}.Release|x64.ActiveCfg = Release|x64
		{6237BB51-D8A8-4401-B2B9-9535C62E06F7}.Release|x64.Build.0 = Release|x64
		{6237BB51-D8A8-4401-B2B9-9535C62E06F7}.Release|x86.ActiveCfg = Release|Win32
		{6237BB51-D8A8-4401-B2B9-9535C62E06F7}.Release|x86.Build.0 = Release|Win32
		{4229AABB-D983-4865-BC03-31AC6ADF5C57}.Debug|x64.ActiveCfg = Debug|x64
		{4229AABB-D983-4865-BC03-31AC6ADF5C57}.Debug|x64.Build.0 = Debug|x64
		{4229AABB-D983-4865-BC03-31AC6ADF5C57}.Debug|x86.ActiveCfg = Debug|Win32
		{4229AABB-D983-4865-BC03-31AC6ADF5C57}.Debug|x86.Build.0 = Debug|Win32
		{4229AABB-D983-4865-BC03-31AC6ADF5C57}.Release|x64.ActiveCfg = Release|x64
		{4229AABB-D983-4865-BC03-31AC6ADF5C57}.Release|x64.Build.0 = Release|x64
		{4229AABB-D983-4865-BC03-31AC6ADF5C57}.Release|x86.ActiveCfg = Release|Win32
		{4229AABB-D983-4865-BC03-31AC6ADF5C57}.Release|x86.Build.0 = Release|Win32
		{63B462F6-3BF7-4B3B-8773-65D2E00776FB}.Debug|x64.ActiveCfg = Debug|x64
		{63B462F6-3BF7-4B3B-8773-65D2E00776FB}.Debug|x64.Build.0 = Debug|x64
		{63B462F6-3BF7-4B3B-8773-65D2E00776FB}.Debug|x86.ActiveCfg = Debug|Win32
		{63B462F6-3BF7-4B3B-8773-65D2E00776FB}.Debug|x86.Build.0 = Debug|Win32
		{63B462F6-3BF7-4B3B-8773-65D2E00776FB}.Release|x64.ActiveCfg = Release|x64
		{63B462F6-3BF7-4B3B-8773-65D2E00776FB}.Release|x64.Build.0 = Release|x64
		{63B462F6-3BF7-4B3B-8773-65D2E00776FB}.Release|x86.ActiveCfg = Release|Win32
		{63B462F6-3BF7-4B3B-8773-65D2E00776FB}.Release|x86.Build.0 = Release|Win32
		{F9C6D305-F48B-44D1-A78B-364CE26FAF39}.Debug|x64.ActiveCfg = Debug|x64
		{F9C6D305-F48B-44D1-A78B-364CE26FAF39}.Debug|x64.Build.0 = Debug|x64
		{F9C6D305-F48B-44D1-A78B-364CE26FAF39}.Debug|x86.ActiveCfg = Debug|Win32
		{F9C6D305-F48B-44D1-A78B-364CE26FAF39}.Debug|x86.Build.0 = Debug|Win32
		{F9C6D305-F48B-44D1-A78B-364CE26FAF39}.Release|x64.ActiveCfg = Release|x64
		{F9C6D305-F48B-44D1-A78B-364CE26FAF39}.Release|x64.Build.0 = Release|x64
		{F9C6D305-F48B-44D1-A78B-364CE26FAF39}.Release|x86.ActiveCfg = Release|Win32
		{F9C6D305-F48B-44D1-A78B-364CE26FAF39}.Release|x86.Build.0 = Release|Win32
	EndGlobalSection
	GlobalSection(SolutionProperties) = preSolution
		HideSolutionNode = FALSE
	EndGlobalSection
	GlobalSection(ExtensibilityGlobals) = postSolution
		SolutionGuid = {F726ECC5-F782-4560-88E0-AA2C0FD55CDB}
	EndGlobalSection
EndGlobal
