
Microsoft Visual Studio Solution File, Format Version 12.00
# Visual Studio Version 17
VisualStudioVersion = 17.12.35506.116
MinimumVisualStudioVersion = 10.0.40219.1
Project("{8BC9CEB8-8B4A-11D0-8D11-00A0C91BC942}") = "007", "007\007.vcxproj", "{0EE21CE3-1CCF-42F3-8D8A-1AEFCD79747B}"
EndProject
Project("{8BC9CEB8-8B4A-11D0-8D11-00A0C91BC942}") = "020", "020\020.vcxproj", "{98682547-13C4-483E-B687-8487B32ECA4A}"
EndProject
Project("{8BC9CEB8-8B4A-11D0-8D11-00A0C91BC942}") = "033", "033\033.vcxproj", "{D81ED374-7C22-4CA9-B19B-EE6338F561C5}"
EndProject
Project("{8BC9CEB8-8B4A-11D0-8D11-00A0C91BC942}") = "046", "046\046.vcxproj", "{1F054C7D-0542-4553-9306-46D7EAC8F636}"
EndProject
Project("{8BC9CEB8-8B4A-11D0-8D11-00A0C91BC942}") = "059", "059\059.vcxproj", "{AF3E8C47-0BD4-4272-939E-E1E1DCDC441F}"
EndProject
Project("{8BC9CEB8-8B4A-11D0-8D11-00A0C91BC942}") = "072", "072\072.vcxproj", "{D461AAB3-1628-4E10-8D3D-C6253EF0BB44}"
EndProject
Global
	GlobalSection(SolutionConfigurationPlatforms) = preSolution
		Debug|x64 = Debug|x64
		Debug|x86 = Debug|x86
		Release|x64 = Release|x64
		Release|x86 = Release|x86
	EndGlobalSection
	GlobalSection(ProjectConfigurationPlatforms) = postSolution
		{0EE21CE3-1CCF-42F3-8D8A-1AEFCD79747B}.Debug|x64.ActiveCfg = Debug|x64
		{0EE21CE3-1CCF-42F3-8D8A-1AEFCD79747B}.Debug|x64.Build.0 = Debug|x64
		{0EE21CE3-1CCF-42F3-8D8A-1AEFCD79747B}.Debug|x86.ActiveCfg = Debug|Win32
		{0EE21CE3-1CCF-42F3-8D8A-1AEFCD79747B}.Debug|x86.Build.0 = Debug|Win32
		{0EE21CE3-1CCF-42F3-8D8A-1AEFCD79747B}.Release|x64.ActiveCfg = Release|x64
		{0EE21CE3-1CCF-42F3-8D8A-1AEFCD79747B}.Release|x64.Build.0 = Release|x64
		{0EE21CE3-1CCF-42F3-8D8A-1AEFCD79747B}.Release|x86.ActiveCfg = Release|Win32
		{0EE21CE3-1CCF-42F3-8D8A-1AEFCD79747B}.Release|x86.Build.0 = Release|Win32
		{98682547-13C4-483E-B687-8487B32ECA4A}.Debug|x64.ActiveCfg = Debug|x64
		{98682547-13C4-483E-B687-8487B32ECA4A}.Debug|x64.Build.0 = Debug|x64
		{98682547-13C4-483E-B687-8487B32ECA4A}.Debug|x86.ActiveCfg = Debug|Win32
		{98682547-13C4-483E-B687-8487B32ECA4A}.Debug|x86.Build.0 = Debug|Win32
		{98682547-13C4-483E-B687-8487B32ECA4A}.Release|x64.ActiveCfg = Release|x64
		{98682547-13C4-483E-B687-8487B32ECA4A}.Release|x64.Build.0 = Release|x64
		{98682547-13C4-483E-B687-8487B32ECA4A}.Release|x86.ActiveCfg = Release|Win32
		{98682547-13C4-483E-B687-8487B32ECA4A}.Release|x86.Build.0 = Release|Win32
		{D81ED374-7C22-4CA9-B19B-EE6338F561C5}.Debug|x64.ActiveCfg = Debug|x64
		{D81ED374-7C22-4CA9-B19B-EE6338F561C5}.Debug|x64.Build.0 = Debug|x64
		{D81ED374-7C22-4CA9-B19B-EE6338F561C5}.Debug|x86.ActiveCfg = Debug|Win32
		{D81ED374-7C22-4CA9-B19B-EE6338F561C5}.Debug|x86.Build.0 = Debug|Win32
		{D81ED374-7C22-4CA9-B19B-EE6338F561C5}.Release|x64.ActiveCfg = Release|x64
		{D81ED374-7C22-4CA9-B19B-EE6338F561C5}.Release|x64.Build.0 = Release|x64
		{D81ED374-7C22-4CA9-B19B-EE6338F561C5}.Release|x86.ActiveCfg = Release|Win32
		{D81ED374-7C22-4CA9-B19B-EE6338F561C5}.Release|x86.Build.0 = Release|Win32
		{1F054C7D-0542-4553-9306-46D7EAC8F636}.Debug|x64.ActiveCfg = Debug|x64
		{1F054C7D-0542-4553-9306-46D7EAC8F636}.Debug|x64.Build.0 = Debug|x64
		{1F054C7D-0542-4553-9306-46D7EAC8F636}.Debug|x86.ActiveCfg = Debug|Win32
		{1F054C7D-0542-4553-9306-46D7EAC8F636}.Debug|x86.Build.0 = Debug|Win32
		{1F054C7D-0542-4553-9306-46D7EAC8F636}.Release|x64.ActiveCfg = Release|x64
		{1F054C7D-0542-4553-9306-46D7EAC8F636}.Release|x64.Build.0 = Release|x64
		{1F054C7D-0542-4553-9306-46D7EAC8F636}.Release|x86.ActiveCfg = Release|Win32
		{1F054C7D-0542-4553-9306-46D7EAC8F636}.Release|x86.Build.0 = Release|Win32
		{AF3E8C47-0BD4-4272-939E-E1E1DCDC441F}.Debug|x64.ActiveCfg = Debug|x64
		{AF3E8C47-0BD4-4272-939E-E1E1DCDC441F}.Debug|x64.Build.0 = Debug|x64
		{AF3E8C47-0BD4-4272-939E-E1E1DCDC441F}.Debug|x86.ActiveCfg = Debug|Win32
		{AF3E8C47-0BD4-4272-939E-E1E1DCDC441F}.Debug|x86.Build.0 = Debug|Win32
		{AF3E8C47-0BD4-4272-939E-E1E1DCDC441F}.Release|x64.ActiveCfg = Release|x64
		{AF3E8C47-0BD4-4272-939E-E1E1DCDC441F}.Release|x64.Build.0 = Release|x64
		{AF3E8C47-0BD4-4272-939E-E1E1DCDC441F}.Release|x86.ActiveCfg = Release|Win32
		{AF3E8C47-0BD4-4272-939E-E1E1DCDC441F}.Release|x86.Build.0 = Release|Win32
		{D461AAB3-1628-4E10-8D3D-C6253EF0BB44}.Debug|x64.ActiveCfg = Debug|x64
		{D461AAB3-1628-4E10-8D3D-C6253EF0BB44}.Debug|x64.Build.0 = Debug|x64
		{D461AAB3-1628-4E10-8D3D-C6253EF0BB44}.Debug|x86.ActiveCfg = Debug|Win32
		{D461AAB3-1628-4E10-8D3D-C6253EF0BB44}.Debug|x86.Build.0 = Debug|Win32
		{D461AAB3-1628-4E10-8D3D-C6253EF0BB44}.Release|x64.ActiveCfg = Release|x64
		{D461AAB3-1628-4E10-8D3D-C6253EF0BB44}.Release|x64.Build.0 = Release|x64
		{D461AAB3-1628-4E10-8D3D-C6253EF0BB44}.Release|x86.ActiveCfg = Release|Win32
		{D461AAB3-1628-4E10-8D3D-C6253EF0BB44}.Release|x86.Build.0 = Release|Win32
	EndGlobalSection
	GlobalSection(SolutionProperties) = preSolution
		HideSolutionNode = FALSE
	EndGlobalSection
EndGlobal
