
Microsoft Visual Studio Solution File, Format Version 12.00
# Visual Studio Version 17
VisualStudioVersion = 17.13.35931.197 d17.13
MinimumVisualStudioVersion = 10.0.40219.1
Project("{8BC9CEB8-8B4A-11D0-8D11-00A0C91BC942}") = "009", "009\009.vcxproj", "{A2C9452C-C0E1-46B8-9D50-1EC85E7FACF8}"
EndProject
Project("{8BC9CEB8-8B4A-11D0-8D11-00A0C91BC942}") = "022", "022\022.vcxproj", "{6B1D8B57-E065-4E7B-A300-FF1CDF8500B6}"
EndProject
Project("{8BC9CEB8-8B4A-11D0-8D11-00A0C91BC942}") = "035", "035\035.vcxproj", "{FDEAAAF4-E69E-4E77-AB1A-8DBAE7A30DFB}"
EndProject
Project("{8BC9CEB8-8B4A-11D0-8D11-00A0C91BC942}") = "048", "048\048.vcxproj", "{B3D357B2-DD17-43F1-B09A-C18F1EDF984C}"
EndProject
Project("{8BC9CEB8-8B4A-11D0-8D11-00A0C91BC942}") = "061", "061\061.vcxproj", "{B8EC153A-9E17-4FCA-BD0B-C3336D1336D5}"
EndProject
Project("{8BC9CEB8-8B4A-11D0-8D11-00A0C91BC942}") = "074", "074\074.vcxproj", "{3BC1043C-19AA-4494-801A-B031C04A4628}"
EndProject
Project("{8BC9CEB8-8B4A-11D0-8D11-00A0C91BC942}") = "087", "087\087.vcxproj", "{52BEBC91-A28D-48CD-81D5-74CF3D5A5FFE}"
EndProject
Project("{8BC9CEB8-8B4A-11D0-8D11-00A0C91BC942}") = "100", "100\100.vcxproj", "{137D605D-A679-4A92-8AFA-139565C34901}"
EndProject
Project("{8BC9CEB8-8B4A-11D0-8D11-00A0C91BC942}") = "113", "113\113.vcxproj", "{BE1017D1-71DC-4169-BF8C-9596F634E8B2}"
EndProject
Project("{8BC9CEB8-8B4A-11D0-8D11-00A0C91BC942}") = "126", "126\126.vcxproj", "{50DD6EFA-DFB3-4868-AAEB-B69090925DC2}"
EndProject
Project("{8BC9CEB8-8B4A-11D0-8D11-00A0C91BC942}") = "139", "139\139.vcxproj", "{8F7CDEB1-E4DB-4853-86AD-C7289148B023}"
EndProject
Project("{8BC9CEB8-8B4A-11D0-8D11-00A0C91BC942}") = "152", "152\152.vcxproj", "{E9379827-9099-4AFD-A8C1-CA994D48A5C6}"
EndProject
Global
	GlobalSection(SolutionConfigurationPlatforms) = preSolution
		Debug|x64 = Debug|x64
		Debug|x86 = Debug|x86
		Release|x64 = Release|x64
		Release|x86 = Release|x86
	EndGlobalSection
	GlobalSection(ProjectConfigurationPlatforms) = postSolution
		{A2C9452C-C0E1-46B8-9D50-1EC85E7FACF8}.Debug|x64.ActiveCfg = Debug|x64
		{A2C9452C-C0E1-46B8-9D50-1EC85E7FACF8}.Debug|x64.Build.0 = Debug|x64
		{A2C9452C-C0E1-46B8-9D50-1EC85E7FACF8}.Debug|x86.ActiveCfg = Debug|Win32
		{A2C9452C-C0E1-46B8-9D50-1EC85E7FACF8}.Debug|x86.Build.0 = Debug|Win32
		{A2C9452C-C0E1-46B8-9D50-1EC85E7FACF8}.Release|x64.ActiveCfg = Release|x64
		{A2C9452C-C0E1-46B8-9D50-1EC85E7FACF8}.Release|x64.Build.0 = Release|x64
		{A2C9452C-C0E1-46B8-9D50-1EC85E7FACF8}.Release|x86.ActiveCfg = Release|Win32
		{A2C9452C-C0E1-46B8-9D50-1EC85E7FACF8}.Release|x86.Build.0 = Release|Win32
		{6B1D8B57-E065-4E7B-A300-FF1CDF8500B6}.Debug|x64.ActiveCfg = Debug|x64
		{6B1D8B57-E065-4E7B-A300-FF1CDF8500B6}.Debug|x64.Build.0 = Debug|x64
		{6B1D8B57-E065-4E7B-A300-FF1CDF8500B6}.Debug|x86.ActiveCfg = Debug|Win32
		{6B1D8B57-E065-4E7B-A300-FF1CDF8500B6}.Debug|x86.Build.0 = Debug|Win32
		{6B1D8B57-E065-4E7B-A300-FF1CDF8500B6}.Release|x64.ActiveCfg = Release|x64
		{6B1D8B57-E065-4E7B-A300-FF1CDF8500B6}.Release|x64.Build.0 = Release|x64
		{6B1D8B57-E065-4E7B-A300-FF1CDF8500B6}.Release|x86.ActiveCfg = Release|Win32
		{6B1D8B57-E065-4E7B-A300-FF1CDF8500B6}.Release|x86.Build.0 = Release|Win32
		{FDEAAAF4-E69E-4E77-AB1A-8DBAE7A30DFB}.Debug|x64.ActiveCfg = Debug|x64
		{FDEAAAF4-E69E-4E77-AB1A-8DBAE7A30DFB}.Debug|x64.Build.0 = Debug|x64
		{FDEAAAF4-E69E-4E77-AB1A-8DBAE7A30DFB}.Debug|x86.ActiveCfg = Debug|Win32
		{FDEAAAF4-E69E-4E77-AB1A-8DBAE7A30DFB}.Debug|x86.Build.0 = Debug|Win32
		{FDEAAAF4-E69E-4E77-AB1A-8DBAE7A30DFB}.Release|x64.ActiveCfg = Release|x64
		{FDEAAAF4-E69E-4E77-AB1A-8DBAE7A30DFB}.Release|x64.Build.0 = Release|x64
		{FDEAAAF4-E69E-4E77-AB1A-8DBAE7A30DFB}.Release|x86.ActiveCfg = Release|Win32
		{FDEAAAF4-E69E-4E77-AB1A-8DBAE7A30DFB}.Release|x86.Build.0 = Release|Win32
		{B3D357B2-DD17-43F1-B09A-C18F1EDF984C}.Debug|x64.ActiveCfg = Debug|x64
		{B3D357B2-DD17-43F1-B09A-C18F1EDF984C}.Debug|x64.Build.0 = Debug|x64
		{B3D357B2-DD17-43F1-B09A-C18F1EDF984C}.Debug|x86.ActiveCfg = Debug|Win32
		{B3D357B2-DD17-43F1-B09A-C18F1EDF984C}.Debug|x86.Build.0 = Debug|Win32
		{B3D357B2-DD17-43F1-B09A-C18F1EDF984C}.Release|x64.ActiveCfg = Release|x64
		{B3D357B2-DD17-43F1-B09A-C18F1EDF984C}.Release|x64.Build.0 = Release|x64
		{B3D357B2-DD17-43F1-B09A-C18F1EDF984C}.Release|x86.ActiveCfg = Release|Win32
		{B3D357B2-DD17-43F1-B09A-C18F1EDF984C}.Release|x86.Build.0 = Release|Win32
		{B8EC153A-9E17-4FCA-BD0B-C3336D1336D5}.Debug|x64.ActiveCfg = Debug|x64
		{B8EC153A-9E17-4FCA-BD0B-C3336D1336D5}.Debug|x64.Build.0 = Debug|x64
		{B8EC153A-9E17-4FCA-BD0B-C3336D1336D5}.Debug|x86.ActiveCfg = Debug|Win32
		{B8EC153A-9E17-4FCA-BD0B-C3336D1336D5}.Debug|x86.Build.0 = Debug|Win32
		{B8EC153A-9E17-4FCA-BD0B-C3336D1336D5}.Release|x64.ActiveCfg = Release|x64
		{B8EC153A-9E17-4FCA-BD0B-C3336D1336D5}.Release|x64.Build.0 = Release|x64
		{B8EC153A-9E17-4FCA-BD0B-C3336D1336D5}.Release|x86.ActiveCfg = Release|Win32
		{B8EC153A-9E17-4FCA-BD0B-C3336D1336D5}.Release|x86.Build.0 = Release|Win32
		{3BC1043C-19AA-4494-801A-B031C04A4628}.Debug|x64.ActiveCfg = Debug|x64
		{3BC1043C-19AA-4494-801A-B031C04A4628}.Debug|x64.Build.0 = Debug|x64
		{3BC1043C-19AA-4494-801A-B031C04A4628}.Debug|x86.ActiveCfg = Debug|Win32
		{3BC1043C-19AA-4494-801A-B031C04A4628}.Debug|x86.Build.0 = Debug|Win32
		{3BC1043C-19AA-4494-801A-B031C04A4628}.Release|x64.ActiveCfg = Release|x64
		{3BC1043C-19AA-4494-801A-B031C04A4628}.Release|x64.Build.0 = Release|x64
		{3BC1043C-19AA-4494-801A-B031C04A4628}.Release|x86.ActiveCfg = Release|Win32
		{3BC1043C-19AA-4494-801A-B031C04A4628}.Release|x86.Build.0 = Release|Win32
		{52BEBC91-A28D-48CD-81D5-74CF3D5A5FFE}.Debug|x64.ActiveCfg = Debug|x64
		{52BEBC91-A28D-48CD-81D5-74CF3D5A5FFE}.Debug|x64.Build.0 = Debug|x64
		{52BEBC91-A28D-48CD-81D5-74CF3D5A5FFE}.Debug|x86.ActiveCfg = Debug|Win32
		{52BEBC91-A28D-48CD-81D5-74CF3D5A5FFE}.Debug|x86.Build.0 = Debug|Win32
		{52BEBC91-A28D-48CD-81D5-74CF3D5A5FFE}.Release|x64.ActiveCfg = Release|x64
		{52BEBC91-A28D-48CD-81D5-74CF3D5A5FFE}.Release|x64.Build.0 = Release|x64
		{52BEBC91-A28D-48CD-81D5-74CF3D5A5FFE}.Release|x86.ActiveCfg = Release|Win32
		{52BEBC91-A28D-48CD-81D5-74CF3D5A5FFE}.Release|x86.Build.0 = Release|Win32
		{137D605D-A679-4A92-8AFA-139565C34901}.Debug|x64.ActiveCfg = Debug|x64
		{137D605D-A679-4A92-8AFA-139565C34901}.Debug|x64.Build.0 = Debug|x64
		{137D605D-A679-4A92-8AFA-139565C34901}.Debug|x86.ActiveCfg = Debug|Win32
		{137D605D-A679-4A92-8AFA-139565C34901}.Debug|x86.Build.0 = Debug|Win32
		{137D605D-A679-4A92-8AFA-139565C34901}.Release|x64.ActiveCfg = Release|x64
		{137D605D-A679-4A92-8AFA-139565C34901}.Release|x64.Build.0 = Release|x64
		{137D605D-A679-4A92-8AFA-139565C34901}.Release|x86.ActiveCfg = Release|Win32
		{137D605D-A679-4A92-8AFA-139565C34901}.Release|x86.Build.0 = Release|Win32
		{BE1017D1-71DC-4169-BF8C-9596F634E8B2}.Debug|x64.ActiveCfg = Debug|x64
		{BE1017D1-71DC-4169-BF8C-9596F634E8B2}.Debug|x64.Build.0 = Debug|x64
		{BE1017D1-71DC-4169-BF8C-9596F634E8B2}.Debug|x86.ActiveCfg = Debug|Win32
		{BE1017D1-71DC-4169-BF8C-9596F634E8B2}.Debug|x86.Build.0 = Debug|Win32
		{BE1017D1-71DC-4169-BF8C-9596F634E8B2}.Release|x64.ActiveCfg = Release|x64
		{BE1017D1-71DC-4169-BF8C-9596F634E8B2}.Release|x64.Build.0 = Release|x64
		{BE1017D1-71DC-4169-BF8C-9596F634E8B2}.Release|x86.ActiveCfg = Release|Win32
		{BE1017D1-71DC-4169-BF8C-9596F634E8B2}.Release|x86.Build.0 = Release|Win32
		{50DD6EFA-DFB3-4868-AAEB-B69090925DC2}.Debug|x64.ActiveCfg = Debug|x64
		{50DD6EFA-DFB3-4868-AAEB-B69090925DC2}.Debug|x64.Build.0 = Debug|x64
		{50DD6EFA-DFB3-4868-AAEB-B69090925DC2}.Debug|x86.ActiveCfg = Debug|Win32
		{50DD6EFA-DFB3-4868-AAEB-B69090925DC2}.Debug|x86.Build.0 = Debug|Win32
		{50DD6EFA-DFB3-4868-AAEB-B69090925DC2}.Release|x64.ActiveCfg = Release|x64
		{50DD6EFA-DFB3-4868-AAEB-B69090925DC2}.Release|x64.Build.0 = Release|x64
		{50DD6EFA-DFB3-4868-AAEB-B69090925DC2}.Release|x86.ActiveCfg = Release|Win32
		{50DD6EFA-DFB3-4868-AAEB-B69090925DC2}.Release|x86.Build.0 = Release|Win32
		{8F7CDEB1-E4DB-4853-86AD-C7289148B023}.Debug|x64.ActiveCfg = Debug|x64
		{8F7CDEB1-E4DB-4853-86AD-C7289148B023}.Debug|x64.Build.0 = Debug|x64
		{8F7CDEB1-E4DB-4853-86AD-C7289148B023}.Debug|x86.ActiveCfg = Debug|Win32
		{8F7CDEB1-E4DB-4853-86AD-C7289148B023}.Debug|x86.Build.0 = Debug|Win32
		{8F7CDEB1-E4DB-4853-86AD-C7289148B023}.Release|x64.ActiveCfg = Release|x64
		{8F7CDEB1-E4DB-4853-86AD-C7289148B023}.Release|x64.Build.0 = Release|x64
		{8F7CDEB1-E4DB-4853-86AD-C7289148B023}.Release|x86.ActiveCfg = Release|Win32
		{8F7CDEB1-E4DB-4853-86AD-C7289148B023}.Release|x86.Build.0 = Release|Win32
		{E9379827-9099-4AFD-A8C1-CA994D48A5C6}.Debug|x64.ActiveCfg = Debug|x64
		{E9379827-9099-4AFD-A8C1-CA994D48A5C6}.Debug|x64.Build.0 = Debug|x64
		{E9379827-9099-4AFD-A8C1-CA994D48A5C6}.Debug|x86.ActiveCfg = Debug|Win32
		{E9379827-9099-4AFD-A8C1-CA994D48A5C6}.Debug|x86.Build.0 = Debug|Win32
		{E9379827-9099-4AFD-A8C1-CA994D48A5C6}.Release|x64.ActiveCfg = Release|x64
		{E9379827-9099-4AFD-A8C1-CA994D48A5C6}.Release|x64.Build.0 = Release|x64
		{E9379827-9099-4AFD-A8C1-CA994D48A5C6}.Release|x86.ActiveCfg = Release|Win32
		{E9379827-9099-4AFD-A8C1-CA994D48A5C6}.Release|x86.Build.0 = Release|Win32
	EndGlobalSection
	GlobalSection(SolutionProperties) = preSolution
		HideSolutionNode = FALSE
	EndGlobalSection
	GlobalSection(ExtensibilityGlobals) = postSolution
		SolutionGuid = {3F9706BF-733E-42B4-AE64-0069E11D85AB}
	EndGlobalSection
EndGlobal
