
Microsoft Visual Studio Solution File, Format Version 12.00
# Visual Studio Version 17
VisualStudioVersion = 17.14.36119.2
MinimumVisualStudioVersion = 10.0.40219.1
Project("{8BC9CEB8-8B4A-11D0-8D11-00A0C91BC942}") = "013", "013\013.vcxproj", "{9E83065C-E4BB-4BF6-9932-41EA79AF6BCD}"
EndProject
Project("{8BC9CEB8-8B4A-11D0-8D11-00A0C91BC942}") = "026", "026\026.vcxproj", "{079984F5-78D1-4B2C-A6B4-E371B5184BEB}"
EndProject
Project("{8BC9CEB8-8B4A-11D0-8D11-00A0C91BC942}") = "039", "039\039.vcxproj", "{CCFFFBD9-8CFE-45FA-B4CC-0B5D89C1EE1F}"
EndProject
Project("{8BC9CEB8-8B4A-11D0-8D11-00A0C91BC942}") = "052", "052\052.vcxproj", "{9B9E5121-8FC3-4AFF-90EC-9D24C3CD2F49}"
EndProject
Project("{8BC9CEB8-8B4A-11D0-8D11-00A0C91BC942}") = "065", "065\065.vcxproj", "{181137D5-54F7-4740-9A8B-0C0FCD424AAF}"
EndProject
Project("{8BC9CEB8-8B4A-11D0-8D11-00A0C91BC942}") = "091", "091\091.vcxproj", "{CD070F15-4280-4EF1-A3F7-65456771AA58}"
EndProject
Project("{8BC9CEB8-8B4A-11D0-8D11-00A0C91BC942}") = "104", "104\104.vcxproj", "{8CB6BFBA-AE2E-4228-9465-8507F1CB881E}"
EndProject
Project("{8BC9CEB8-8B4A-11D0-8D11-00A0C91BC942}") = "117", "117\117.vcxproj", "{45F63DDF-5D72-4EB9-A54C-08DA8C2FFCEE}"
EndProject
Project("{8BC9CEB8-8B4A-11D0-8D11-00A0C91BC942}") = "078", "078\078.vcxproj", "{E91C8B44-EF58-4C39-9BDF-814B0748D4D3}"
EndProject
Project("{8BC9CEB8-8B4A-11D0-8D11-00A0C91BC942}") = "130", "130\130.vcxproj", "{02CE8733-BAF5-4A8B-9CEF-0C5AD0F01F0D}"
EndProject
Project("{8BC9CEB8-8B4A-11D0-8D11-00A0C91BC942}") = "143", "143\143.vcxproj", "{25682E4F-7B7B-46B6-A7B5-A04278F0D7C6}"
EndProject
Global
	GlobalSection(SolutionConfigurationPlatforms) = preSolution
		Debug|x64 = Debug|x64
		Debug|x86 = Debug|x86
		Release|x64 = Release|x64
		Release|x86 = Release|x86
	EndGlobalSection
	GlobalSection(ProjectConfigurationPlatforms) = postSolution
		{9E83065C-E4BB-4BF6-9932-41EA79AF6BCD}.Debug|x64.ActiveCfg = Debug|x64
		{9E83065C-E4BB-4BF6-9932-41EA79AF6BCD}.Debug|x64.Build.0 = Debug|x64
		{9E83065C-E4BB-4BF6-9932-41EA79AF6BCD}.Debug|x86.ActiveCfg = Debug|Win32
		{9E83065C-E4BB-4BF6-9932-41EA79AF6BCD}.Debug|x86.Build.0 = Debug|Win32
		{9E83065C-E4BB-4BF6-9932-41EA79AF6BCD}.Release|x64.ActiveCfg = Release|x64
		{9E83065C-E4BB-4BF6-9932-41EA79AF6BCD}.Release|x64.Build.0 = Release|x64
		{9E83065C-E4BB-4BF6-9932-41EA79AF6BCD}.Release|x86.ActiveCfg = Release|Win32
		{9E83065C-E4BB-4BF6-9932-41EA79AF6BCD}.Release|x86.Build.0 = Release|Win32
		{079984F5-78D1-4B2C-A6B4-E371B5184BEB}.Debug|x64.ActiveCfg = Debug|x64
		{079984F5-78D1-4B2C-A6B4-E371B5184BEB}.Debug|x64.Build.0 = Debug|x64
		{079984F5-78D1-4B2C-A6B4-E371B5184BEB}.Debug|x86.ActiveCfg = Debug|Win32
		{079984F5-78D1-4B2C-A6B4-E371B5184BEB}.Debug|x86.Build.0 = Debug|Win32
		{079984F5-78D1-4B2C-A6B4-E371B5184BEB}.Release|x64.ActiveCfg = Release|x64
		{079984F5-78D1-4B2C-A6B4-E371B5184BEB}.Release|x64.Build.0 = Release|x64
		{079984F5-78D1-4B2C-A6B4-E371B5184BEB}.Release|x86.ActiveCfg = Release|Win32
		{079984F5-78D1-4B2C-A6B4-E371B5184BEB}.Release|x86.Build.0 = Release|Win32
		{CCFFFBD9-8CFE-45FA-B4CC-0B5D89C1EE1F}.Debug|x64.ActiveCfg = Debug|x64
		{CCFFFBD9-8CFE-45FA-B4CC-0B5D89C1EE1F}.Debug|x64.Build.0 = Debug|x64
		{CCFFFBD9-8CFE-45FA-B4CC-0B5D89C1EE1F}.Debug|x86.ActiveCfg = Debug|Win32
		{CCFFFBD9-8CFE-45FA-B4CC-0B5D89C1EE1F}.Debug|x86.Build.0 = Debug|Win32
		{CCFFFBD9-8CFE-45FA-B4CC-0B5D89C1EE1F}.Release|x64.ActiveCfg = Release|x64
		{CCFFFBD9-8CFE-45FA-B4CC-0B5D89C1EE1F}.Release|x64.Build.0 = Release|x64
		{CCFFFBD9-8CFE-45FA-B4CC-0B5D89C1EE1F}.Release|x86.ActiveCfg = Release|Win32
		{CCFFFBD9-8CFE-45FA-B4CC-0B5D89C1EE1F}.Release|x86.Build.0 = Release|Win32
		{9B9E5121-8FC3-4AFF-90EC-9D24C3CD2F49}.Debug|x64.ActiveCfg = Debug|x64
		{9B9E5121-8FC3-4AFF-90EC-9D24C3CD2F49}.Debug|x64.Build.0 = Debug|x64
		{9B9E5121-8FC3-4AFF-90EC-9D24C3CD2F49}.Debug|x86.ActiveCfg = Debug|Win32
		{9B9E5121-8FC3-4AFF-90EC-9D24C3CD2F49}.Debug|x86.Build.0 = Debug|Win32
		{9B9E5121-8FC3-4AFF-90EC-9D24C3CD2F49}.Release|x64.ActiveCfg = Release|x64
		{9B9E5121-8FC3-4AFF-90EC-9D24C3CD2F49}.Release|x64.Build.0 = Release|x64
		{9B9E5121-8FC3-4AFF-90EC-9D24C3CD2F49}.Release|x86.ActiveCfg = Release|Win32
		{9B9E5121-8FC3-4AFF-90EC-9D24C3CD2F49}.Release|x86.Build.0 = Release|Win32
		{181137D5-54F7-4740-9A8B-0C0FCD424AAF}.Debug|x64.ActiveCfg = Debug|x64
		{181137D5-54F7-4740-9A8B-0C0FCD424AAF}.Debug|x64.Build.0 = Debug|x64
		{181137D5-54F7-4740-9A8B-0C0FCD424AAF}.Debug|x86.ActiveCfg = Debug|Win32
		{181137D5-54F7-4740-9A8B-0C0FCD424AAF}.Debug|x86.Build.0 = Debug|Win32
		{181137D5-54F7-4740-9A8B-0C0FCD424AAF}.Release|x64.ActiveCfg = Release|x64
		{181137D5-54F7-4740-9A8B-0C0FCD424AAF}.Release|x64.Build.0 = Release|x64
		{181137D5-54F7-4740-9A8B-0C0FCD424AAF}.Release|x86.ActiveCfg = Release|Win32
		{181137D5-54F7-4740-9A8B-0C0FCD424AAF}.Release|x86.Build.0 = Release|Win32
		{CD070F15-4280-4EF1-A3F7-65456771AA58}.Debug|x64.ActiveCfg = Debug|x64
		{CD070F15-4280-4EF1-A3F7-65456771AA58}.Debug|x64.Build.0 = Debug|x64
		{CD070F15-4280-4EF1-A3F7-65456771AA58}.Debug|x86.ActiveCfg = Debug|Win32
		{CD070F15-4280-4EF1-A3F7-65456771AA58}.Debug|x86.Build.0 = Debug|Win32
		{CD070F15-4280-4EF1-A3F7-65456771AA58}.Release|x64.ActiveCfg = Release|x64
		{CD070F15-4280-4EF1-A3F7-65456771AA58}.Release|x64.Build.0 = Release|x64
		{CD070F15-4280-4EF1-A3F7-65456771AA58}.Release|x86.ActiveCfg = Release|Win32
		{CD070F15-4280-4EF1-A3F7-65456771AA58}.Release|x86.Build.0 = Release|Win32
		{8CB6BFBA-AE2E-4228-9465-8507F1CB881E}.Debug|x64.ActiveCfg = Debug|x64
		{8CB6BFBA-AE2E-4228-9465-8507F1CB881E}.Debug|x64.Build.0 = Debug|x64
		{8CB6BFBA-AE2E-4228-9465-8507F1CB881E}.Debug|x86.ActiveCfg = Debug|Win32
		{8CB6BFBA-AE2E-4228-9465-8507F1CB881E}.Debug|x86.Build.0 = Debug|Win32
		{8CB6BFBA-AE2E-4228-9465-8507F1CB881E}.Release|x64.ActiveCfg = Release|x64
		{8CB6BFBA-AE2E-4228-9465-8507F1CB881E}.Release|x64.Build.0 = Release|x64
		{8CB6BFBA-AE2E-4228-9465-8507F1CB881E}.Release|x86.ActiveCfg = Release|Win32
		{8CB6BFBA-AE2E-4228-9465-8507F1CB881E}.Release|x86.Build.0 = Release|Win32
		{45F63DDF-5D72-4EB9-A54C-08DA8C2FFCEE}.Debug|x64.ActiveCfg = Debug|x64
		{45F63DDF-5D72-4EB9-A54C-08DA8C2FFCEE}.Debug|x64.Build.0 = Debug|x64
		{45F63DDF-5D72-4EB9-A54C-08DA8C2FFCEE}.Debug|x86.ActiveCfg = Debug|Win32
		{45F63DDF-5D72-4EB9-A54C-08DA8C2FFCEE}.Debug|x86.Build.0 = Debug|Win32
		{45F63DDF-5D72-4EB9-A54C-08DA8C2FFCEE}.Release|x64.ActiveCfg = Release|x64
		{45F63DDF-5D72-4EB9-A54C-08DA8C2FFCEE}.Release|x64.Build.0 = Release|x64
		{45F63DDF-5D72-4EB9-A54C-08DA8C2FFCEE}.Release|x86.ActiveCfg = Release|Win32
		{45F63DDF-5D72-4EB9-A54C-08DA8C2FFCEE}.Release|x86.Build.0 = Release|Win32
		{E91C8B44-EF58-4C39-9BDF-814B0748D4D3}.Debug|x64.ActiveCfg = Debug|x64
		{E91C8B44-EF58-4C39-9BDF-814B0748D4D3}.Debug|x64.Build.0 = Debug|x64
		{E91C8B44-EF58-4C39-9BDF-814B0748D4D3}.Debug|x86.ActiveCfg = Debug|Win32
		{E91C8B44-EF58-4C39-9BDF-814B0748D4D3}.Debug|x86.Build.0 = Debug|Win32
		{E91C8B44-EF58-4C39-9BDF-814B0748D4D3}.Release|x64.ActiveCfg = Release|x64
		{E91C8B44-EF58-4C39-9BDF-814B0748D4D3}.Release|x64.Build.0 = Release|x64
		{E91C8B44-EF58-4C39-9BDF-814B0748D4D3}.Release|x86.ActiveCfg = Release|Win32
		{E91C8B44-EF58-4C39-9BDF-814B0748D4D3}.Release|x86.Build.0 = Release|Win32
		{02CE8733-BAF5-4A8B-9CEF-0C5AD0F01F0D}.Debug|x64.ActiveCfg = Debug|x64
		{02CE8733-BAF5-4A8B-9CEF-0C5AD0F01F0D}.Debug|x64.Build.0 = Debug|x64
		{02CE8733-BAF5-4A8B-9CEF-0C5AD0F01F0D}.Debug|x86.ActiveCfg = Debug|Win32
		{02CE8733-BAF5-4A8B-9CEF-0C5AD0F01F0D}.Debug|x86.Build.0 = Debug|Win32
		{02CE8733-BAF5-4A8B-9CEF-0C5AD0F01F0D}.Release|x64.ActiveCfg = Release|x64
		{02CE8733-BAF5-4A8B-9CEF-0C5AD0F01F0D}.Release|x64.Build.0 = Release|x64
		{02CE8733-BAF5-4A8B-9CEF-0C5AD0F01F0D}.Release|x86.ActiveCfg = Release|Win32
		{02CE8733-BAF5-4A8B-9CEF-0C5AD0F01F0D}.Release|x86.Build.0 = Release|Win32
		{25682E4F-7B7B-46B6-A7B5-A04278F0D7C6}.Debug|x64.ActiveCfg = Debug|x64
		{25682E4F-7B7B-46B6-A7B5-A04278F0D7C6}.Debug|x64.Build.0 = Debug|x64
		{25682E4F-7B7B-46B6-A7B5-A04278F0D7C6}.Debug|x86.ActiveCfg = Debug|Win32
		{25682E4F-7B7B-46B6-A7B5-A04278F0D7C6}.Debug|x86.Build.0 = Debug|Win32
		{25682E4F-7B7B-46B6-A7B5-A04278F0D7C6}.Release|x64.ActiveCfg = Release|x64
		{25682E4F-7B7B-46B6-A7B5-A04278F0D7C6}.Release|x64.Build.0 = Release|x64
		{25682E4F-7B7B-46B6-A7B5-A04278F0D7C6}.Release|x86.ActiveCfg = Release|Win32
		{25682E4F-7B7B-46B6-A7B5-A04278F0D7C6}.Release|x86.Build.0 = Release|Win32
	EndGlobalSection
	GlobalSection(SolutionProperties) = preSolution
		HideSolutionNode = FALSE
	EndGlobalSection
	GlobalSection(ExtensibilityGlobals) = postSolution
		SolutionGuid = {249D526B-61F9-45A1-BD99-5534E4F54790}
	EndGlobalSection
EndGlobal
