
Microsoft Visual Studio Solution File, Format Version 12.00
# Visual Studio Version 17
VisualStudioVersion = 17.14.36119.2
MinimumVisualStudioVersion = 10.0.40219.1
Project("{8BC9CEB8-8B4A-11D0-8D11-00A0C91BC942}") = "013", "013\013.vcxproj", "{9E83065C-E4BB-4BF6-9932-41EA79AF6BCD}"
EndProject
Project("{8BC9CEB8-8B4A-11D0-8D11-00A0C91BC942}") = "026", "026\026.vcxproj", "{079984F5-78D1-4B2C-A6B4-E371B5184BEB}"
EndProject
Project("{8BC9CEB8-8B4A-11D0-8D11-00A0C91BC942}") = "039", "039\039.vcxproj", "{CCFFFBD9-8CFE-45FA-B4CC-0B5D89C1EE1F}"
EndProject
Project("{8BC9CEB8-8B4A-11D0-8D11-00A0C91BC942}") = "052", "052\052.vcxproj", "{9B9E5121-8FC3-4AFF-90EC-9D24C3CD2F49}"
EndProject
Project("{8BC9CEB8-8B4A-11D0-8D11-00A0C91BC942}") = "065", "065\065.vcxproj", "{181137D5-54F7-4740-9A8B-0C0FCD424AAF}"
EndProject
Global
	GlobalSection(SolutionConfigurationPlatforms) = preSolution
		Debug|x64 = Debug|x64
		Debug|x86 = Debug|x86
		Release|x64 = Release|x64
		Release|x86 = Release|x86
	EndGlobalSection
	GlobalSection(ProjectConfigurationPlatforms) = postSolution
		{9E83065C-E4BB-4BF6-9932-41EA79AF6BCD}.Debug|x64.ActiveCfg = Debug|x64
		{9E83065C-E4BB-4BF6-9932-41EA79AF6BCD}.Debug|x64.Build.0 = Debug|x64
		{9E83065C-E4BB-4BF6-9932-41EA79AF6BCD}.Debug|x86.ActiveCfg = Debug|Win32
		{9E83065C-E4BB-4BF6-9932-41EA79AF6BCD}.Debug|x86.Build.0 = Debug|Win32
		{9E83065C-E4BB-4BF6-9932-41EA79AF6BCD}.Release|x64.ActiveCfg = Release|x64
		{9E83065C-E4BB-4BF6-9932-41EA79AF6BCD}.Release|x64.Build.0 = Release|x64
		{9E83065C-E4BB-4BF6-9932-41EA79AF6BCD}.Release|x86.ActiveCfg = Release|Win32
		{9E83065C-E4BB-4BF6-9932-41EA79AF6BCD}.Release|x86.Build.0 = Release|Win32
		{079984F5-78D1-4B2C-A6B4-E371B5184BEB}.Debug|x64.ActiveCfg = Debug|x64
		{079984F5-78D1-4B2C-A6B4-E371B5184BEB}.Debug|x64.Build.0 = Debug|x64
		{079984F5-78D1-4B2C-A6B4-E371B5184BEB}.Debug|x86.ActiveCfg = Debug|Win32
		{079984F5-78D1-4B2C-A6B4-E371B5184BEB}.Debug|x86.Build.0 = Debug|Win32
		{079984F5-78D1-4B2C-A6B4-E371B5184BEB}.Release|x64.ActiveCfg = Release|x64
		{079984F5-78D1-4B2C-A6B4-E371B5184BEB}.Release|x64.Build.0 = Release|x64
		{079984F5-78D1-4B2C-A6B4-E371B5184BEB}.Release|x86.ActiveCfg = Release|Win32
		{079984F5-78D1-4B2C-A6B4-E371B5184BEB}.Release|x86.Build.0 = Release|Win32
		{CCFFFBD9-8CFE-45FA-B4CC-0B5D89C1EE1F}.Debug|x64.ActiveCfg = Debug|x64
		{CCFFFBD9-8CFE-45FA-B4CC-0B5D89C1EE1F}.Debug|x64.Build.0 = Debug|x64
		{CCFFFBD9-8CFE-45FA-B4CC-0B5D89C1EE1F}.Debug|x86.ActiveCfg = Debug|Win32
		{CCFFFBD9-8CFE-45FA-B4CC-0B5D89C1EE1F}.Debug|x86.Build.0 = Debug|Win32
		{CCFFFBD9-8CFE-45FA-B4CC-0B5D89C1EE1F}.Release|x64.ActiveCfg = Release|x64
		{CCFFFBD9-8CFE-45FA-B4CC-0B5D89C1EE1F}.Release|x64.Build.0 = Release|x64
		{CCFFFBD9-8CFE-45FA-B4CC-0B5D89C1EE1F}.Release|x86.ActiveCfg = Release|Win32
		{CCFFFBD9-8CFE-45FA-B4CC-0B5D89C1EE1F}.Release|x86.Build.0 = Release|Win32
		{9B9E5121-8FC3-4AFF-90EC-9D24C3CD2F49}.Debug|x64.ActiveCfg = Debug|x64
		{9B9E5121-8FC3-4AFF-90EC-9D24C3CD2F49}.Debug|x64.Build.0 = Debug|x64
		{9B9E5121-8FC3-4AFF-90EC-9D24C3CD2F49}.Debug|x86.ActiveCfg = Debug|Win32
		{9B9E5121-8FC3-4AFF-90EC-9D24C3CD2F49}.Debug|x86.Build.0 = Debug|Win32
		{9B9E5121-8FC3-4AFF-90EC-9D24C3CD2F49}.Release|x64.ActiveCfg = Release|x64
		{9B9E5121-8FC3-4AFF-90EC-9D24C3CD2F49}.Release|x64.Build.0 = Release|x64
		{9B9E5121-8FC3-4AFF-90EC-9D24C3CD2F49}.Release|x86.ActiveCfg = Release|Win32
		{9B9E5121-8FC3-4AFF-90EC-9D24C3CD2F49}.Release|x86.Build.0 = Release|Win32
		{181137D5-54F7-4740-9A8B-0C0FCD424AAF}.Debug|x64.ActiveCfg = Debug|x64
		{181137D5-54F7-4740-9A8B-0C0FCD424AAF}.Debug|x64.Build.0 = Debug|x64
		{181137D5-54F7-4740-9A8B-0C0FCD424AAF}.Debug|x86.ActiveCfg = Debug|Win32
		{181137D5-54F7-4740-9A8B-0C0FCD424AAF}.Debug|x86.Build.0 = Debug|Win32
		{181137D5-54F7-4740-9A8B-0C0FCD424AAF}.Release|x64.ActiveCfg = Release|x64
		{181137D5-54F7-4740-9A8B-0C0FCD424AAF}.Release|x64.Build.0 = Release|x64
		{181137D5-54F7-4740-9A8B-0C0FCD424AAF}.Release|x86.ActiveCfg = Release|Win32
		{181137D5-54F7-4740-9A8B-0C0FCD424AAF}.Release|x86.Build.0 = Release|Win32
	EndGlobalSection
	GlobalSection(SolutionProperties) = preSolution
		HideSolutionNode = FALSE
	EndGlobalSection
	GlobalSection(ExtensibilityGlobals) = postSolution
		SolutionGuid = {249D526B-61F9-45A1-BD99-5534E4F54790}
	EndGlobalSection
EndGlobal
