
Microsoft Visual Studio Solution File, Format Version 12.00
# Visual Studio Version 17
VisualStudioVersion = 17.14.36203.30 d17.14
MinimumVisualStudioVersion = 10.0.40219.1
Project("{8BC9CEB8-8B4A-11D0-8D11-00A0C91BC942}") = "004", "004\004.vcxproj", "{310093AA-F3C0-408D-BABD-B795F12D2A2E}"
EndProject
Project("{8BC9CEB8-8B4A-11D0-8D11-00A0C91BC942}") = "017", "017\017.vcxproj", "{AD327007-B221-4EF1-BFBE-49FE507BECDB}"
EndProject
Project("{8BC9CEB8-8B4A-11D0-8D11-00A0C91BC942}") = "030", "030\030.vcxproj", "{FDCFA996-E7CE-4E31-8DC5-F5926789B910}"
EndProject
Project("{8BC9CEB8-8B4A-11D0-8D11-00A0C91BC942}") = "043", "043\043.vcxproj", "{9FDC891C-CBCF-44C3-BF2E-FFD8E231FB34}"
EndProject
Project("{8BC9CEB8-8B4A-11D0-8D11-00A0C91BC942}") = "056", "056\056.vcxproj", "{4ACD49D7-A550-4741-AA0D-14D19B9B8AAD}"
EndProject
Project("{8BC9CEB8-8B4A-11D0-8D11-00A0C91BC942}") = "069", "069\069.vcxproj", "{4B8B2062-E886-4E84-B841-C08FFF63B184}"
EndProject
Project("{8BC9CEB8-8B4A-11D0-8D11-00A0C91BC942}") = "082", "082\082.vcxproj", "{8D1535DA-7D81-45FA-A319-13B2E2F6E3A6}"
EndProject
Project("{8BC9CEB8-8B4A-11D0-8D11-00A0C91BC942}") = "095", "095\095.vcxproj", "{5836AFD1-B994-4689-8571-C6335EEB1F42}"
EndProject
Project("{8BC9CEB8-8B4A-11D0-8D11-00A0C91BC942}") = "108", "108\108.vcxproj", "{3FDA8D42-8E01-4052-8EA9-7AB880093089}"
EndProject
Project("{8BC9CEB8-8B4A-11D0-8D11-00A0C91BC942}") = "121", "121\121.vcxproj", "{4039082D-928B-4B99-A6C5-39CE3DD5246A}"
EndProject
Project("{8BC9CEB8-8B4A-11D0-8D11-00A0C91BC942}") = "134", "134\134.vcxproj", "{410DED39-E1F4-4CF8-A814-6A8957257363}"
EndProject
Project("{8BC9CEB8-8B4A-11D0-8D11-00A0C91BC942}") = "147", "147\147.vcxproj", "{6799F944-D851-432C-826C-EBB410E32620}"
EndProject
Global
	GlobalSection(SolutionConfigurationPlatforms) = preSolution
		Debug|x64 = Debug|x64
		Debug|x86 = Debug|x86
		Release|x64 = Release|x64
		Release|x86 = Release|x86
	EndGlobalSection
	GlobalSection(ProjectConfigurationPlatforms) = postSolution
		{310093AA-F3C0-408D-BABD-B795F12D2A2E}.Debug|x64.ActiveCfg = Debug|x64
		{310093AA-F3C0-408D-BABD-B795F12D2A2E}.Debug|x64.Build.0 = Debug|x64
		{310093AA-F3C0-408D-BABD-B795F12D2A2E}.Debug|x86.ActiveCfg = Debug|Win32
		{310093AA-F3C0-408D-BABD-B795F12D2A2E}.Debug|x86.Build.0 = Debug|Win32
		{310093AA-F3C0-408D-BABD-B795F12D2A2E}.Release|x64.ActiveCfg = Release|x64
		{310093AA-F3C0-408D-BABD-B795F12D2A2E}.Release|x64.Build.0 = Release|x64
		{310093AA-F3C0-408D-BABD-B795F12D2A2E}.Release|x86.ActiveCfg = Release|Win32
		{310093AA-F3C0-408D-BABD-B795F12D2A2E}.Release|x86.Build.0 = Release|Win32
		{AD327007-B221-4EF1-BFBE-49FE507BECDB}.Debug|x64.ActiveCfg = Debug|x64
		{AD327007-B221-4EF1-BFBE-49FE507BECDB}.Debug|x64.Build.0 = Debug|x64
		{AD327007-B221-4EF1-BFBE-49FE507BECDB}.Debug|x86.ActiveCfg = Debug|Win32
		{AD327007-B221-4EF1-BFBE-49FE507BECDB}.Debug|x86.Build.0 = Debug|Win32
		{AD327007-B221-4EF1-BFBE-49FE507BECDB}.Release|x64.ActiveCfg = Release|x64
		{AD327007-B221-4EF1-BFBE-49FE507BECDB}.Release|x64.Build.0 = Release|x64
		{AD327007-B221-4EF1-BFBE-49FE507BECDB}.Release|x86.ActiveCfg = Release|Win32
		{AD327007-B221-4EF1-BFBE-49FE507BECDB}.Release|x86.Build.0 = Release|Win32
		{FDCFA996-E7CE-4E31-8DC5-F5926789B910}.Debug|x64.ActiveCfg = Debug|x64
		{FDCFA996-E7CE-4E31-8DC5-F5926789B910}.Debug|x64.Build.0 = Debug|x64
		{FDCFA996-E7CE-4E31-8DC5-F5926789B910}.Debug|x86.ActiveCfg = Debug|Win32
		{FDCFA996-E7CE-4E31-8DC5-F5926789B910}.Debug|x86.Build.0 = Debug|Win32
		{FDCFA996-E7CE-4E31-8DC5-F5926789B910}.Release|x64.ActiveCfg = Release|x64
		{FDCFA996-E7CE-4E31-8DC5-F5926789B910}.Release|x64.Build.0 = Release|x64
		{FDCFA996-E7CE-4E31-8DC5-F5926789B910}.Release|x86.ActiveCfg = Release|Win32
		{FDCFA996-E7CE-4E31-8DC5-F5926789B910}.Release|x86.Build.0 = Release|Win32
		{9FDC891C-CBCF-44C3-BF2E-FFD8E231FB34}.Debug|x64.ActiveCfg = Debug|x64
		{9FDC891C-CBCF-44C3-BF2E-FFD8E231FB34}.Debug|x64.Build.0 = Debug|x64
		{9FDC891C-CBCF-44C3-BF2E-FFD8E231FB34}.Debug|x86.ActiveCfg = Debug|Win32
		{9FDC891C-CBCF-44C3-BF2E-FFD8E231FB34}.Debug|x86.Build.0 = Debug|Win32
		{9FDC891C-CBCF-44C3-BF2E-FFD8E231FB34}.Release|x64.ActiveCfg = Release|x64
		{9FDC891C-CBCF-44C3-BF2E-FFD8E231FB34}.Release|x64.Build.0 = Release|x64
		{9FDC891C-CBCF-44C3-BF2E-FFD8E231FB34}.Release|x86.ActiveCfg = Release|Win32
		{9FDC891C-CBCF-44C3-BF2E-FFD8E231FB34}.Release|x86.Build.0 = Release|Win32
		{4ACD49D7-A550-4741-AA0D-14D19B9B8AAD}.Debug|x64.ActiveCfg = Debug|x64
		{4ACD49D7-A550-4741-AA0D-14D19B9B8AAD}.Debug|x64.Build.0 = Debug|x64
		{4ACD49D7-A550-4741-AA0D-14D19B9B8AAD}.Debug|x86.ActiveCfg = Debug|Win32
		{4ACD49D7-A550-4741-AA0D-14D19B9B8AAD}.Debug|x86.Build.0 = Debug|Win32
		{4ACD49D7-A550-4741-AA0D-14D19B9B8AAD}.Release|x64.ActiveCfg = Release|x64
		{4ACD49D7-A550-4741-AA0D-14D19B9B8AAD}.Release|x64.Build.0 = Release|x64
		{4ACD49D7-A550-4741-AA0D-14D19B9B8AAD}.Release|x86.ActiveCfg = Release|Win32
		{4ACD49D7-A550-4741-AA0D-14D19B9B8AAD}.Release|x86.Build.0 = Release|Win32
		{4B8B2062-E886-4E84-B841-C08FFF63B184}.Debug|x64.ActiveCfg = Debug|x64
		{4B8B2062-E886-4E84-B841-C08FFF63B184}.Debug|x64.Build.0 = Debug|x64
		{4B8B2062-E886-4E84-B841-C08FFF63B184}.Debug|x86.ActiveCfg = Debug|Win32
		{4B8B2062-E886-4E84-B841-C08FFF63B184}.Debug|x86.Build.0 = Debug|Win32
		{4B8B2062-E886-4E84-B841-C08FFF63B184}.Release|x64.ActiveCfg = Release|x64
		{4B8B2062-E886-4E84-B841-C08FFF63B184}.Release|x64.Build.0 = Release|x64
		{4B8B2062-E886-4E84-B841-C08FFF63B184}.Release|x86.ActiveCfg = Release|Win32
		{4B8B2062-E886-4E84-B841-C08FFF63B184}.Release|x86.Build.0 = Release|Win32
		{8D1535DA-7D81-45FA-A319-13B2E2F6E3A6}.Debug|x64.ActiveCfg = Debug|x64
		{8D1535DA-7D81-45FA-A319-13B2E2F6E3A6}.Debug|x64.Build.0 = Debug|x64
		{8D1535DA-7D81-45FA-A319-13B2E2F6E3A6}.Debug|x86.ActiveCfg = Debug|Win32
		{8D1535DA-7D81-45FA-A319-13B2E2F6E3A6}.Debug|x86.Build.0 = Debug|Win32
		{8D1535DA-7D81-45FA-A319-13B2E2F6E3A6}.Release|x64.ActiveCfg = Release|x64
		{8D1535DA-7D81-45FA-A319-13B2E2F6E3A6}.Release|x64.Build.0 = Release|x64
		{8D1535DA-7D81-45FA-A319-13B2E2F6E3A6}.Release|x86.ActiveCfg = Release|Win32
		{8D1535DA-7D81-45FA-A319-13B2E2F6E3A6}.Release|x86.Build.0 = Release|Win32
		{5836AFD1-B994-4689-8571-C6335EEB1F42}.Debug|x64.ActiveCfg = Debug|x64
		{5836AFD1-B994-4689-8571-C6335EEB1F42}.Debug|x64.Build.0 = Debug|x64
		{5836AFD1-B994-4689-8571-C6335EEB1F42}.Debug|x86.ActiveCfg = Debug|Win32
		{5836AFD1-B994-4689-8571-C6335EEB1F42}.Debug|x86.Build.0 = Debug|Win32
		{5836AFD1-B994-4689-8571-C6335EEB1F42}.Release|x64.ActiveCfg = Release|x64
		{5836AFD1-B994-4689-8571-C6335EEB1F42}.Release|x64.Build.0 = Release|x64
		{5836AFD1-B994-4689-8571-C6335EEB1F42}.Release|x86.ActiveCfg = Release|Win32
		{5836AFD1-B994-4689-8571-C6335EEB1F42}.Release|x86.Build.0 = Release|Win32
		{3FDA8D42-8E01-4052-8EA9-7AB880093089}.Debug|x64.ActiveCfg = Debug|x64
		{3FDA8D42-8E01-4052-8EA9-7AB880093089}.Debug|x64.Build.0 = Debug|x64
		{3FDA8D42-8E01-4052-8EA9-7AB880093089}.Debug|x86.ActiveCfg = Debug|Win32
		{3FDA8D42-8E01-4052-8EA9-7AB880093089}.Debug|x86.Build.0 = Debug|Win32
		{3FDA8D42-8E01-4052-8EA9-7AB880093089}.Release|x64.ActiveCfg = Release|x64
		{3FDA8D42-8E01-4052-8EA9-7AB880093089}.Release|x64.Build.0 = Release|x64
		{3FDA8D42-8E01-4052-8EA9-7AB880093089}.Release|x86.ActiveCfg = Release|Win32
		{3FDA8D42-8E01-4052-8EA9-7AB880093089}.Release|x86.Build.0 = Release|Win32
		{4039082D-928B-4B99-A6C5-39CE3DD5246A}.Debug|x64.ActiveCfg = Debug|x64
		{4039082D-928B-4B99-A6C5-39CE3DD5246A}.Debug|x64.Build.0 = Debug|x64
		{4039082D-928B-4B99-A6C5-39CE3DD5246A}.Debug|x86.ActiveCfg = Debug|Win32
		{4039082D-928B-4B99-A6C5-39CE3DD5246A}.Debug|x86.Build.0 = Debug|Win32
		{4039082D-928B-4B99-A6C5-39CE3DD5246A}.Release|x64.ActiveCfg = Release|x64
		{4039082D-928B-4B99-A6C5-39CE3DD5246A}.Release|x64.Build.0 = Release|x64
		{4039082D-928B-4B99-A6C5-39CE3DD5246A}.Release|x86.ActiveCfg = Release|Win32
		{4039082D-928B-4B99-A6C5-39CE3DD5246A}.Release|x86.Build.0 = Release|Win32
		{410DED39-E1F4-4CF8-A814-6A8957257363}.Debug|x64.ActiveCfg = Debug|x64
		{410DED39-E1F4-4CF8-A814-6A8957257363}.Debug|x64.Build.0 = Debug|x64
		{410DED39-E1F4-4CF8-A814-6A8957257363}.Debug|x86.ActiveCfg = Debug|Win32
		{410DED39-E1F4-4CF8-A814-6A8957257363}.Debug|x86.Build.0 = Debug|Win32
		{410DED39-E1F4-4CF8-A814-6A8957257363}.Release|x64.ActiveCfg = Release|x64
		{410DED39-E1F4-4CF8-A814-6A8957257363}.Release|x64.Build.0 = Release|x64
		{410DED39-E1F4-4CF8-A814-6A8957257363}.Release|x86.ActiveCfg = Release|Win32
		{410DED39-E1F4-4CF8-A814-6A8957257363}.Release|x86.Build.0 = Release|Win32
		{6799F944-D851-432C-826C-EBB410E32620}.Debug|x64.ActiveCfg = Debug|x64
		{6799F944-D851-432C-826C-EBB410E32620}.Debug|x64.Build.0 = Debug|x64
		{6799F944-D851-432C-826C-EBB410E32620}.Debug|x86.ActiveCfg = Debug|Win32
		{6799F944-D851-432C-826C-EBB410E32620}.Debug|x86.Build.0 = Debug|Win32
		{6799F944-D851-432C-826C-EBB410E32620}.Release|x64.ActiveCfg = Release|x64
		{6799F944-D851-432C-826C-EBB410E32620}.Release|x64.Build.0 = Release|x64
		{6799F944-D851-432C-826C-EBB410E32620}.Release|x86.ActiveCfg = Release|Win32
		{6799F944-D851-432C-826C-EBB410E32620}.Release|x86.Build.0 = Release|Win32
	EndGlobalSection
	GlobalSection(SolutionProperties) = preSolution
		HideSolutionNode = FALSE
	EndGlobalSection
	GlobalSection(ExtensibilityGlobals) = postSolution
		SolutionGuid = {A84C473C-52B6-4FD5-98EF-478F8236CDBA}
	EndGlobalSection
EndGlobal
